{
  "version": 4,
  "terraform_version": "1.15.8",
  "serial": 87,
  "lineage": "5d32fec2-9827-2002-079a-c99cb49c5fec",
  "outputs": {
    "dev_public_ip": {
      "value": "34.218.207.116",
      "type": "string"
    },
    "developer_private_key": {
      "value": "-----BEGIN RSA PRIVATE KEY-----\nMIIJKQIBAAKCAgEAy5ZMg59qeKQ8F2mWLABNUo7ND47JUgx7dBmqotQnsT065/NA\negGwnRmBlIuJdsxxZerV6NwP/HGS7Zb7pbY1Ofs5fUziVAjzxZowr6G6fHINxZNg\nLXkJZDTmSzEpjaNJaTpZ3VrjlLl4dRWD0yK5zzsQez1BZd+CInkKOkG3kbh8bTVY\nzyj6Dj7VtuGHcBNLHh6qGakVKf1adn+n518Hf5giaOe+M4/jplF9yFETIf4mYiV1\nrO0rz27kR3D3/16LPBXaFaNcl6F8kxcv6/wcM3i2DIP6Qd93nlKF95iMhjvg4X1U\nQFrb6obv26hl23n5ejQjLy8UJPcjdVVKA67w0sIyJ3qtWZRYfLESsvq2oFRcY0VK\ngQh59WD2bJsleXIGmcESyN34KscbQJirmynplX88JrqP1rnZbwkGxHokUhPIiJI7\nsrrUBIlMQwPpYyBRlpuMFhM01zFIFGPUzRbQCvNntVWinEjMpAjY2f0y8Ah5raix\nvO4Oglnj6IwXTKOq3OsDiomCEJoWIHcKc45cAs2xQbUd95xjLaeEXcIab9dAHo/N\nlMzWjKbkbhFntSfWjuXd3SvHuGRQ0fXUS/WxATcbmAXEFvnjvNZL8v2yQ1erLian\n7hp0qhqC6VVcyRK1/9jOot7luOKx1p0WknwA1O8BxaH3qfdM8f8Yd3rc/BcCAwEA\nAQKCAgBTIH4CemuncevlZWP/eGoaDRvWv+cc/OLFn5tIXBcO7CDqx6yqhJkgNGNw\nC1+oJcchpbcNGxnd6mPjZjQ/T/xAvf8V1fhN9s/OfexmMkOqf4l3BHuPZa37gAwO\nZLcCUctuT3iVBQEK34Y7THskkTfMUWIj5/mVhqMkv0Z5Tg8NzYXks5UdFS6w9WAf\nCcxa603PMRckXiE5oWy4GNyugONXan+WVRWZCSYbaYfR7KTCyvrSNVhssPSkALPu\nJcblOy3f7U48apUqhrIOfze+hBThwWaYCqV7EytM9oYj+GJchwOGHr3xfwfvpYQ3\nrPVWHeJLTxGUuQThKRYN2TLc+Sf0M7AIZLeWgv8nWR2gNqfqZJqvOFI94nZIW6ID\nCOo9Uaaazjw5iYPyyxDStg6STpHHeceaALtfoK+15f4yA6io+Y48gb5BnxRzy8FC\nUi3lWxdSWmwHi/JKDkI+Sy/0m5ON7wVMqKv3w5VVnm/Timim8G2G4aiMiuJOxWDX\nk5/QDNncH2qo3bp0KCtvbr/2gzN0MeGf9ZA+I+fNdZYbHvYaMO6aWWtykA9ZNZwH\nG1uRGgBwCXxrN6wiXbiX8KhxYDqUO9BmX36Z/Gvfhn0Ifa3i2KNLt5nfmyxhC5MA\nduSRMBQnINC2gkABNpmtuoWnRW+/mEENNR16j9zXmCgPuGdNsQKCAQEA1lWuaRR4\n7BXcQfm09KOYB3VuR3MuGP5uyDY3zpK5R4u70c7tyxWSH6XpzhyNrSZTTO857ZNm\n0f5UJv5yaHXrzEA1O6JT4fQIJCfZ6ZCrIWwonPqZGzySKIVdcs2ECMERnKQrdkCw\nn3A+ByvLXeHO8sNf1/6MQ4Nh7L8ezOWTrfR9RHkPulQtGln2i2xx0ZI2xJZUk3ko\nz69bnf3hOC/DE/YHwEHkC3KLalVk6gDRnucFRsj3bMJ/Z8p2fs4YQm5bqO4zXKU3\n9tMYTzh7PUxEJshBljTkxSHh2Y4w3xD/cPDWif/yVLTwgLrcK7wkVbtYPGWVS8no\nsjUHqxocHUkacQKCAQEA8ynEKjedlZgT8ciiOBGT693O4fCxYD5abs6POWa/E43Z\nASjGTVtfdaJGo5dIBk1jCw1otJPtVr64RbPFIkcdv1k816a8iQ8t+2kbt+/JPWJY\n6qlAi60m5g8wtj0dRcriB2kfO5+VU5DcO+UINdyDPj3jyShD8ZeK8eeJqO3F+7nW\nR5ugFQvrHh7PTE8OHEOjsvzNYyeSsgfxE9GHyxZyINRqgnCmfYQKhrZ0CL0uSJvd\n7IKWVQhLC4G00fxJJuN97l+7Ow0cWnj0I2K/R5sQJJZKnFNXCwnB73TxTvPkkMf+\n85wOBWjTJiP1LxhufjfHGQ29t2mwSSaOvckP4ATzBwKCAQEAxkKveIf1avy1p1mi\nZ4FESfH4NqN2iqwgMZblfHIAbQv2ipcNI4QqjJfedEe5Tedbupi3TunAfJLzqLZJ\nghNCMMdb9nOrgCFJvpgWXJTzl5EC6GJuaeFXmZ/z1xQABFEDR5Acm+AvAOzEk8GQ\n9qC/25OZ/qR5fqHzXRlVFlduicTUcxhA0iy3I97/zexcRG0puCMOzPOQKryc1MJZ\nKK4Vl0tH1DGfDm/AQnYHSOXFAWXVXarcJICtdYa0oYtmqVyH8PWWESbLY8fUfsNS\nTFtV10H6WUVIMIms7p822cBRaVl+OlzE/lH4/jrbGqGIQr1vWz7kIRz94IppM36N\nbxGGIQKCAQA699T3e/c+MNwdVU9pk3Gw0GB8UFdjhJt/pZ38CJurzUljy5STa+Yx\na8H/qA8yYA/1vTG4IOt8jtG3LYpP7rkbDzP/BBNSlZjMEEhFiePee/weJB9gAASf\n4+0nNJjltPatX2PQnLmkw0t1Rux/y1MUhAO6Y4ZejyaF1WV/zvGlQwLg6K+givxg\nmI4i7kT4u7p2DHJuaklb3SssaDKrIG1a4shVi6YEaEH5O0PWXrJbr1jZIy37vwAb\n8T99cNX4lVCTvylzf5Fxq0VhU3AZmFQI212KnXdNWPdr74sZX3H9XlLIlv6bdzlF\nVZD+88jP2QzyWW+5i+rRQoV5JsovxGN/AoIBAQCtlnoOP4MHN3qtcuR3EiqQZWYD\nirVdUsFQJhrZtBEWH70ZB9qWiAPzpo/icht0z+b/2g7Uu30bStvDL4BNZYBefeXt\no5+gw8P/Z+5N9Nai4rTGFgXQwt6H/KuaAFBfr5syltvIUTO7rmGFP0RvPzHqNYDF\nlDHqaEFc4Q3OEEnWgDV/JmKWXYPcfKnRnwHqjWBdRGHSNIUZghsGWSWAnG3wCRKN\nwX0h7o3KHCzG1nu6ZIquxfvTWf7ZrNl3KKk4isnQy1IWLY4dJ7PmrsRAug9E0IOS\nizZqRzUEbKoSPkYGmNDbkb4Q/QBxUxDvlb1dZ+FjcnlNed5SKMN1oPHZn8xp\n-----END RSA PRIVATE KEY-----\n",
      "type": "string",
      "sensitive": true
    },
    "prod_public_ip": {
      "value": "32.186.187.101",
      "type": "string"
    },
    "staging_public_ip": {
      "value": "100.23.7.17",
      "type": "string"
    }
  },
  "resources": [
    {
      "mode": "data",
      "type": "aws_ami",
      "name": "ubuntu",
      "provider": "provider[\"registry.terraform.io/hashicorp/aws\"]",
      "instances": [
        {
          "schema_version": 0,
          "attributes": {
            "allow_unsafe_filter": null,
            "architecture": "x86_64",
            "arn": "arn:aws:ec2:us-west-2::image/ami-0bd515973f5bcf6a0",
            "block_device_mappings": [
              {
                "device_name": "/dev/sda1",
                "ebs": {
                  "delete_on_termination": "true",
                  "encrypted": "false",
                  "iops": "0",
                  "snapshot_id": "snap-02cf07e6750c43060",
                  "throughput": "0",
                  "volume_initialization_rate": "0",
                  "volume_size": "8",
                  "volume_type": "gp3"
                },
                "no_device": "",
                "virtual_name": ""
              },
              {
                "device_name": "/dev/sdb",
                "ebs": {},
                "no_device": "",
                "virtual_name": "ephemeral0"
              },
              {
                "device_name": "/dev/sdc",
                "ebs": {},
                "no_device": "",
                "virtual_name": "ephemeral1"
              }
            ],
            "boot_mode": "uefi-preferred",
            "creation_date": "2026-06-26T10:53:01.000Z",
            "deprecation_time": "2028-06-26T10:53:01.000Z",
            "description": "Canonical, Ubuntu, 24.04, amd64 noble image",
            "ena_support": true,
            "executable_users": null,
            "filter": [
              {
                "name": "name",
                "values": [
                  "ubuntu/images/hvm-ssd-gp3/ubuntu-noble-24.04-amd64-server-*"
                ]
              },
              {
                "name": "virtualization-type",
                "values": [
                  "hvm"
                ]
              }
            ],
            "hypervisor": "xen",
            "id": "ami-0bd515973f5bcf6a0",
            "image_id": "ami-0bd515973f5bcf6a0",
            "image_location": "amazon/ubuntu/images/hvm-ssd-gp3/ubuntu-noble-24.04-amd64-server-20260626",
            "image_owner_alias": "amazon",
            "image_type": "machine",
            "imds_support": "v2.0",
            "include_deprecated": false,
            "kernel_id": "",
            "last_launched_time": "",
            "most_recent": true,
            "name": "ubuntu/images/hvm-ssd-gp3/ubuntu-noble-24.04-amd64-server-20260626",
            "name_regex": null,
            "owner_id": "099720109477",
            "owners": [
              "099720109477"
            ],
            "platform": "",
            "platform_details": "Linux/UNIX",
            "product_codes": [],
            "public": true,
            "ramdisk_id": "",
            "region": "us-west-2",
            "root_device_name": "/dev/sda1",
            "root_device_type": "ebs",
            "root_snapshot_id": "snap-02cf07e6750c43060",
            "sriov_net_support": "simple",
            "state": "available",
            "state_reason": {
              "code": "UNSET",
              "message": "UNSET"
            },
            "tags": {},
            "timeouts": null,
            "tpm_support": "",
            "uefi_data": null,
            "usage_operation": "RunInstances",
            "virtualization_type": "hvm"
          },
          "sensitive_attributes": [],
          "identity_schema_version": 0
        }
      ]
    },
    {
      "mode": "managed",
      "type": "aws_db_instance",
      "name": "staging_read_replica",
      "provider": "provider[\"registry.terraform.io/hashicorp/aws\"]",
      "instances": [
        {
          "schema_version": 2,
          "attributes": {
            "address": "staging-readonly-replica.c5gy6gi8ib0s.us-west-2.rds.amazonaws.com",
            "allocated_storage": 50,
            "allow_major_version_upgrade": null,
            "apply_immediately": true,
            "arn": "arn:aws:rds:us-west-2:345362761946:db:staging-readonly-replica",
            "auto_minor_version_upgrade": true,
            "availability_zone": "us-west-2a",
            "backup_retention_period": 0,
            "backup_target": "region",
            "backup_window": "10:59-11:29",
            "blue_green_update": [],
            "ca_cert_identifier": "rds-ca-rsa2048-g1",
            "character_set_name": "",
            "copy_tags_to_snapshot": false,
            "custom_iam_instance_profile": "",
            "customer_owned_ip_enabled": false,
            "database_insights_mode": "standard",
            "db_name": "",
            "db_subnet_group_name": "hub-cloud-prod-rds-subnet-group",
            "dedicated_log_volume": false,
            "delete_automated_backups": true,
            "deletion_protection": false,
            "domain": "",
            "domain_auth_secret_arn": "",
            "domain_dns_ips": [],
            "domain_fqdn": "",
            "domain_iam_role_name": "",
            "domain_ou": "",
            "enabled_cloudwatch_logs_exports": [],
            "endpoint": "staging-readonly-replica.c5gy6gi8ib0s.us-west-2.rds.amazonaws.com:3306",
            "engine": "mysql",
            "engine_lifecycle_support": "open-source-rds-extended-support",
            "engine_version": "8.4.10",
            "engine_version_actual": "8.4.10",
            "final_snapshot_identifier": null,
            "hosted_zone_id": "Z1PVIF0B656C1W",
            "iam_database_authentication_enabled": false,
            "id": "db-RK3PAY3OICYTNKERHTRAUMZNVY",
            "identifier": "staging-readonly-replica",
            "identifier_prefix": "",
            "instance_class": "db.t4g.small",
            "iops": 0,
            "kms_key_id": "",
            "latest_restorable_time": "",
            "license_model": "general-public-license",
            "listener_endpoint": [],
            "maintenance_window": "tue:08:17-tue:08:47",
            "manage_master_user_password": null,
            "master_user_secret": [],
            "master_user_secret_kms_key_id": null,
            "max_allocated_storage": 0,
            "monitoring_interval": 0,
            "monitoring_role_arn": "",
            "multi_az": false,
            "nchar_character_set_name": "",
            "network_type": "IPV4",
            "option_group_name": "default:mysql-8-4",
            "parameter_group_name": "default.mysql8.4",
            "password": null,
            "password_wo": null,
            "password_wo_version": null,
            "performance_insights_enabled": false,
            "performance_insights_kms_key_id": "",
            "performance_insights_retention_period": 0,
            "port": 3306,
            "publicly_accessible": false,
            "region": "us-west-2",
            "replica_mode": "",
            "replicas": [],
            "replicate_source_db": "hub-cloud-prod-rds",
            "resource_id": "db-RK3PAY3OICYTNKERHTRAUMZNVY",
            "restore_to_point_in_time": [],
            "s3_import": [],
            "skip_final_snapshot": true,
            "snapshot_identifier": null,
            "status": "available",
            "storage_encrypted": false,
            "storage_throughput": 0,
            "storage_type": "gp2",
            "tags": {},
            "tags_all": {},
            "timeouts": null,
            "timezone": "",
            "upgrade_rollout_order": "second",
            "upgrade_storage_config": null,
            "username": "admin_prod",
            "vpc_security_group_ids": [
              "sg-09a3ea77c98c36e54"
            ]
          },
          "sensitive_attributes": [
            [
              {
                "type": "get_attr",
                "value": "password"
              }
            ],
            [
              {
                "type": "get_attr",
                "value": "password_wo"
              }
            ]
          ],
          "identity_schema_version": 0,
          "private": "eyJlMmJmYjczMC1lY2FhLTExZTYtOGY4OC0zNDM2M2JjN2M0YzAiOnsiY3JlYXRlIjozMDAwMDAwMDAwMDAwLCJkZWxldGUiOjM2MDAwMDAwMDAwMDAsInVwZGF0ZSI6NDgwMDAwMDAwMDAwMH0sInNjaGVtYV92ZXJzaW9uIjoiMiJ9",
          "dependencies": [
            "aws_db_subnet_group.rds_subnet_group",
            "aws_security_group.prod_compute_sg",
            "aws_security_group.prod_db_sg",
            "aws_subnet.database_subnet_az1",
            "aws_subnet.database_subnet_az2",
            "aws_vpc.environment_vpc",
            "module.db_production.aws_db_instance.this",
            "module.db_production.random_password.db_password"
          ]
        }
      ]
    },
    {
      "mode": "managed",
      "type": "aws_db_subnet_group",
      "name": "rds_subnet_group",
      "provider": "provider[\"registry.terraform.io/hashicorp/aws\"]",
      "instances": [
        {
          "index_key": "dev",
          "schema_version": 0,
          "attributes": {
            "arn": "arn:aws:rds:us-west-2:345362761946:subgrp:hub-cloud-dev-rds-subnet-group",
            "description": "Managed by Terraform",
            "id": "hub-cloud-dev-rds-subnet-group",
            "name": "hub-cloud-dev-rds-subnet-group",
            "name_prefix": "",
            "region": "us-west-2",
            "subnet_ids": [
              "subnet-0584a6da54c105f84",
              "subnet-0f2bbe8d6d4e0f2ef"
            ],
            "supported_network_types": [
              "IPV4"
            ],
            "tags": {
              "Environment": "dev",
              "Name": "hub-cloud-dev-db-subnet-group"
            },
            "tags_all": {
              "Environment": "dev",
              "Name": "hub-cloud-dev-db-subnet-group"
            },
            "vpc_id": "vpc-0f806833923ac732f"
          },
          "sensitive_attributes": [],
          "identity_schema_version": 0,
          "identity": {
            "account_id": "345362761946",
            "name": "hub-cloud-dev-rds-subnet-group",
            "region": "us-west-2"
          },
          "private": "bnVsbA==",
          "dependencies": [
            "aws_subnet.database_subnet_az1",
            "aws_subnet.database_subnet_az2",
            "aws_vpc.environment_vpc"
          ]
        },
        {
          "index_key": "prod",
          "schema_version": 0,
          "attributes": {
            "arn": "arn:aws:rds:us-west-2:345362761946:subgrp:hub-cloud-prod-rds-subnet-group",
            "description": "Managed by Terraform",
            "id": "hub-cloud-prod-rds-subnet-group",
            "name": "hub-cloud-prod-rds-subnet-group",
            "name_prefix": "",
            "region": "us-west-2",
            "subnet_ids": [
              "subnet-03337c2814e32efd6",
              "subnet-0c17e6ad8293952f6"
            ],
            "supported_network_types": [
              "IPV4"
            ],
            "tags": {
              "Environment": "prod",
              "Name": "hub-cloud-prod-db-subnet-group"
            },
            "tags_all": {
              "Environment": "prod",
              "Name": "hub-cloud-prod-db-subnet-group"
            },
            "vpc_id": "vpc-000829fd7d9749e61"
          },
          "sensitive_attributes": [],
          "identity_schema_version": 0,
          "identity": {
            "account_id": "345362761946",
            "name": "hub-cloud-prod-rds-subnet-group",
            "region": "us-west-2"
          },
          "private": "bnVsbA==",
          "dependencies": [
            "aws_subnet.database_subnet_az1",
            "aws_subnet.database_subnet_az2",
            "aws_vpc.environment_vpc"
          ]
        },
        {
          "index_key": "staging",
          "schema_version": 0,
          "attributes": {
            "arn": "arn:aws:rds:us-west-2:345362761946:subgrp:hub-cloud-staging-rds-subnet-group",
            "description": "Managed by Terraform",
            "id": "hub-cloud-staging-rds-subnet-group",
            "name": "hub-cloud-staging-rds-subnet-group",
            "name_prefix": "",
            "region": "us-west-2",
            "subnet_ids": [
              "subnet-0383b19ea31a20012",
              "subnet-0454e8015351680fe"
            ],
            "supported_network_types": [
              "IPV4"
            ],
            "tags": {
              "Environment": "staging",
              "Name": "hub-cloud-staging-db-subnet-group"
            },
            "tags_all": {
              "Environment": "staging",
              "Name": "hub-cloud-staging-db-subnet-group"
            },
            "vpc_id": "vpc-084c60b9a696b333e"
          },
          "sensitive_attributes": [],
          "identity_schema_version": 0,
          "identity": {
            "account_id": "345362761946",
            "name": "hub-cloud-staging-rds-subnet-group",
            "region": "us-west-2"
          },
          "private": "bnVsbA==",
          "dependencies": [
            "aws_subnet.database_subnet_az1",
            "aws_subnet.database_subnet_az2",
            "aws_vpc.environment_vpc"
          ]
        }
      ]
    },
    {
      "mode": "managed",
      "type": "aws_eip",
      "name": "dev_static_ip",
      "provider": "provider[\"registry.terraform.io/hashicorp/aws\"]",
      "instances": [
        {
          "schema_version": 0,
          "attributes": {
            "address": null,
            "allocation_id": "eipalloc-0f9c4183ab40a3f23",
            "arn": "arn:aws:ec2:us-west-2:345362761946:elastic-ip/eipalloc-0f9c4183ab40a3f23",
            "associate_with_private_ip": null,
            "association_id": "eipassoc-088cfaea6adc12eb1",
            "carrier_ip": "",
            "customer_owned_ip": "",
            "customer_owned_ipv4_pool": "",
            "domain": "vpc",
            "id": "eipalloc-0f9c4183ab40a3f23",
            "instance": "i-065c14ff2d7e129bc",
            "ipam_pool_id": "",
            "network_border_group": "us-west-2",
            "network_interface": "eni-09edf991cc287197b",
            "private_dns": "ip-10-10-10-89.us-west-2.compute.internal",
            "private_ip": "10.10.10.89",
            "ptr_record": "",
            "public_dns": "ec2-34-218-207-116.us-west-2.compute.amazonaws.com",
            "public_ip": "34.218.207.116",
            "public_ipv4_pool": "amazon",
            "region": "us-west-2",
            "tags": {
              "Environment": "dev",
              "Name": "hub-cloud-dev-static-ip"
            },
            "tags_all": {
              "Environment": "dev",
              "Name": "hub-cloud-dev-static-ip"
            },
            "timeouts": null
          },
          "sensitive_attributes": [],
          "identity_schema_version": 0,
          "identity": {
            "account_id": "345362761946",
            "id": "eipalloc-0f9c4183ab40a3f23",
            "region": "us-west-2"
          },
          "private": "eyJlMmJmYjczMC1lY2FhLTExZTYtOGY4OC0zNDM2M2JjN2M0YzAiOnsiZGVsZXRlIjoxODAwMDAwMDAwMDAsInJlYWQiOjkwMDAwMDAwMDAwMCwidXBkYXRlIjozMDAwMDAwMDAwMDB9fQ==",
          "dependencies": [
            "aws_instance.dev_app",
            "aws_key_pair.deployer_key",
            "aws_security_group.dev_compute_sg",
            "aws_subnet.public",
            "aws_vpc.environment_vpc",
            "data.aws_ami.ubuntu",
            "tls_private_key.developer_key"
          ]
        }
      ]
    },
    {
      "mode": "managed",
      "type": "aws_eip",
      "name": "prod_static_ip",
      "provider": "provider[\"registry.terraform.io/hashicorp/aws\"]",
      "instances": [
        {
          "schema_version": 0,
          "attributes": {
            "address": null,
            "allocation_id": "eipalloc-0c328e57fffc09316",
            "arn": "arn:aws:ec2:us-west-2:345362761946:elastic-ip/eipalloc-0c328e57fffc09316",
            "associate_with_private_ip": null,
            "association_id": "eipassoc-0eaa085117585db5e",
            "carrier_ip": "",
            "customer_owned_ip": "",
            "customer_owned_ipv4_pool": "",
            "domain": "vpc",
            "id": "eipalloc-0c328e57fffc09316",
            "instance": "i-0b4991d98fd0a2f18",
            "ipam_pool_id": "",
            "network_border_group": "us-west-2",
            "network_interface": "eni-0e947e08cac91bc43",
            "private_dns": "ip-10-30-10-31.us-west-2.compute.internal",
            "private_ip": "10.30.10.31",
            "ptr_record": "",
            "public_dns": "ec2-32-186-187-101.us-west-2.compute.amazonaws.com",
            "public_ip": "32.186.187.101",
            "public_ipv4_pool": "amazon",
            "region": "us-west-2",
            "tags": {
              "Environment": "prod",
              "Name": "hub-cloud-prod-static-ip"
            },
            "tags_all": {
              "Environment": "prod",
              "Name": "hub-cloud-prod-static-ip"
            },
            "timeouts": null
          },
          "sensitive_attributes": [],
          "identity_schema_version": 0,
          "identity": {
            "account_id": "345362761946",
            "id": "eipalloc-0c328e57fffc09316",
            "region": "us-west-2"
          },
          "private": "eyJlMmJmYjczMC1lY2FhLTExZTYtOGY4OC0zNDM2M2JjN2M0YzAiOnsiZGVsZXRlIjoxODAwMDAwMDAwMDAsInJlYWQiOjkwMDAwMDAwMDAwMCwidXBkYXRlIjozMDAwMDAwMDAwMDB9fQ==",
          "dependencies": [
            "aws_instance.prod_app",
            "aws_key_pair.deployer_key",
            "aws_security_group.prod_compute_sg",
            "aws_subnet.public",
            "aws_vpc.environment_vpc",
            "data.aws_ami.ubuntu",
            "tls_private_key.developer_key"
          ]
        }
      ]
    },
    {
      "mode": "managed",
      "type": "aws_eip",
      "name": "staging_static_ip",
      "provider": "provider[\"registry.terraform.io/hashicorp/aws\"]",
      "instances": [
        {
          "schema_version": 0,
          "attributes": {
            "address": null,
            "allocation_id": "eipalloc-01e710d032d8f74d3",
            "arn": "arn:aws:ec2:us-west-2:345362761946:elastic-ip/eipalloc-01e710d032d8f74d3",
            "associate_with_private_ip": null,
            "association_id": "eipassoc-0857ba49a335dc43c",
            "carrier_ip": "",
            "customer_owned_ip": "",
            "customer_owned_ipv4_pool": "",
            "domain": "vpc",
            "id": "eipalloc-01e710d032d8f74d3",
            "instance": "i-07ae12337e5589173",
            "ipam_pool_id": "",
            "network_border_group": "us-west-2",
            "network_interface": "eni-02492851acb09eabe",
            "private_dns": "ip-10-20-10-48.us-west-2.compute.internal",
            "private_ip": "10.20.10.48",
            "ptr_record": "",
            "public_dns": "ec2-100-23-7-17.us-west-2.compute.amazonaws.com",
            "public_ip": "100.23.7.17",
            "public_ipv4_pool": "amazon",
            "region": "us-west-2",
            "tags": {
              "Environment": "staging",
              "Name": "hub-cloud-staging-static-ip"
            },
            "tags_all": {
              "Environment": "staging",
              "Name": "hub-cloud-staging-static-ip"
            },
            "timeouts": null
          },
          "sensitive_attributes": [],
          "identity_schema_version": 0,
          "identity": {
            "account_id": "345362761946",
            "id": "eipalloc-01e710d032d8f74d3",
            "region": "us-west-2"
          },
          "private": "eyJlMmJmYjczMC1lY2FhLTExZTYtOGY4OC0zNDM2M2JjN2M0YzAiOnsiZGVsZXRlIjoxODAwMDAwMDAwMDAsInJlYWQiOjkwMDAwMDAwMDAwMCwidXBkYXRlIjozMDAwMDAwMDAwMDB9fQ==",
          "dependencies": [
            "aws_instance.staging_app",
            "aws_key_pair.deployer_key",
            "aws_security_group.staging_compute_sg",
            "aws_subnet.public",
            "aws_vpc.environment_vpc",
            "data.aws_ami.ubuntu",
            "tls_private_key.developer_key"
          ]
        }
      ]
    },
    {
      "mode": "managed",
      "type": "aws_instance",
      "name": "dev_app",
      "provider": "provider[\"registry.terraform.io/hashicorp/aws\"]",
      "instances": [
        {
          "schema_version": 2,
          "attributes": {
            "ami": "ami-0bd515973f5bcf6a0",
            "arn": "arn:aws:ec2:us-west-2:345362761946:instance/i-065c14ff2d7e129bc",
            "associate_public_ip_address": true,
            "availability_zone": "us-west-2a",
            "capacity_reservation_specification": [
              {
                "capacity_reservation_preference": "open",
                "capacity_reservation_target": []
              }
            ],
            "cpu_options": [
              {
                "amd_sev_snp": "",
                "core_count": 1,
                "nested_virtualization": "",
                "threads_per_core": 2
              }
            ],
            "credit_specification": [
              {
                "cpu_credits": "unlimited"
              }
            ],
            "disable_api_stop": false,
            "disable_api_termination": false,
            "ebs_block_device": [],
            "ebs_optimized": false,
            "enable_primary_ipv6": null,
            "enclave_options": [
              {
                "enabled": false
              }
            ],
            "ephemeral_block_device": [],
            "force_destroy": false,
            "get_password_data": false,
            "hibernation": false,
            "host_id": "",
            "host_resource_group_arn": null,
            "iam_instance_profile": "",
            "id": "i-065c14ff2d7e129bc",
            "instance_initiated_shutdown_behavior": "stop",
            "instance_lifecycle": "",
            "instance_market_options": [],
            "instance_state": "running",
            "instance_type": "t3.small",
            "ipv6_address_count": 0,
            "ipv6_addresses": [],
            "key_name": "hub-cloud-developer-access-key",
            "launch_template": [],
            "maintenance_options": [
              {
                "auto_recovery": "default"
              }
            ],
            "metadata_options": [
              {
                "http_endpoint": "enabled",
                "http_protocol_ipv6": "disabled",
                "http_put_response_hop_limit": 2,
                "http_tokens": "required",
                "instance_metadata_tags": "disabled"
              }
            ],
            "monitoring": false,
            "network_interface": [],
            "outpost_arn": "",
            "password_data": "",
            "placement_group": "",
            "placement_group_id": "",
            "placement_partition_number": 0,
            "primary_network_interface": [
              {
                "delete_on_termination": true,
                "network_interface_id": "eni-09edf991cc287197b"
              }
            ],
            "primary_network_interface_id": "eni-09edf991cc287197b",
            "private_dns": "ip-10-10-10-89.us-west-2.compute.internal",
            "private_dns_name_options": [
              {
                "enable_resource_name_dns_a_record": false,
                "enable_resource_name_dns_aaaa_record": false,
                "hostname_type": "ip-name"
              }
            ],
            "private_ip": "10.10.10.89",
            "public_dns": "ec2-34-218-207-116.us-west-2.compute.amazonaws.com",
            "public_ip": "34.218.207.116",
            "region": "us-west-2",
            "root_block_device": [
              {
                "delete_on_termination": true,
                "device_name": "/dev/sda1",
                "encrypted": false,
                "iops": 3000,
                "kms_key_id": "",
                "tags": {},
                "tags_all": {},
                "throughput": 125,
                "volume_id": "vol-0f4aba0b4d519fae3",
                "volume_size": 8,
                "volume_type": "gp3"
              }
            ],
            "secondary_network_interface": [],
            "secondary_private_ips": [],
            "security_groups": [],
            "source_dest_check": true,
            "spot_instance_request_id": "",
            "subnet_id": "subnet-0c608e9a102b44be4",
            "tags": {
              "Environment": "dev",
              "ManagedBy": "terraform",
              "Name": "hub-cloud-dev-app-server"
            },
            "tags_all": {
              "Environment": "dev",
              "ManagedBy": "terraform",
              "Name": "hub-cloud-dev-app-server"
            },
            "tenancy": "default",
            "timeouts": null,
            "user_data": "#!/bin/bash\n\n# Prevent interactive prompts during apt installations\nexport DEBIAN_FRONTEND=noninteractive\n\n# Update the base OS packages\napt-get update -y\napt-get upgrade -y\n\n# Add the official Ondřej Surý PHP repository for PHP 8.4 support\napt-get install -y software-properties-common\nadd-apt-repository -y ppa:ondrej/php\napt-get update -y\n\n# Install Nginx and the exact PHP 8.4 stack\napt-get install -y nginx \\\n  php8.4-fpm \\\n  php8.4-cli \\\n  php8.4-mysql \\\n  php8.4-xml \\\n  php8.4-mbstring \\\n  php8.4-curl \\\n  php8.4-zip \\\n  php8.4-bcmath\n\n# Pre-create his favorite public webroot directory\nmkdir -p /var/www/public_html\nchown -R ubuntu:ubuntu /var/www/public_html\nchmod -R 755 /var/www\n\n# Ensure services are enabled and active\nsystemctl enable nginx php8.4-fpm\nsystemctl start nginx php8.4-fpm",
            "user_data_base64": null,
            "user_data_replace_on_change": false,
            "volume_tags": null,
            "vpc_security_group_ids": [
              "sg-0d8aa82178d9ec52a"
            ]
          },
          "sensitive_attributes": [],
          "identity_schema_version": 0,
          "identity": {
            "account_id": "345362761946",
            "id": "i-065c14ff2d7e129bc",
            "region": "us-west-2"
          },
          "private": "eyJlMmJmYjczMC1lY2FhLTExZTYtOGY4OC0zNDM2M2JjN2M0YzAiOnsiY3JlYXRlIjo2MDAwMDAwMDAwMDAsImRlbGV0ZSI6MTIwMDAwMDAwMDAwMCwicmVhZCI6OTAwMDAwMDAwMDAwLCJ1cGRhdGUiOjYwMDAwMDAwMDAwMH0sInNjaGVtYV92ZXJzaW9uIjoiMiJ9",
          "dependencies": [
            "aws_key_pair.deployer_key",
            "aws_security_group.dev_compute_sg",
            "aws_subnet.public",
            "aws_vpc.environment_vpc",
            "data.aws_ami.ubuntu",
            "tls_private_key.developer_key"
          ]
        }
      ]
    },
    {
      "mode": "managed",
      "type": "aws_instance",
      "name": "prod_app",
      "provider": "provider[\"registry.terraform.io/hashicorp/aws\"]",
      "instances": [
        {
          "schema_version": 2,
          "attributes": {
            "ami": "ami-0bd515973f5bcf6a0",
            "arn": "arn:aws:ec2:us-west-2:345362761946:instance/i-0b4991d98fd0a2f18",
            "associate_public_ip_address": true,
            "availability_zone": "us-west-2a",
            "capacity_reservation_specification": [
              {
                "capacity_reservation_preference": "open",
                "capacity_reservation_target": []
              }
            ],
            "cpu_options": [
              {
                "amd_sev_snp": "",
                "core_count": 1,
                "nested_virtualization": "",
                "threads_per_core": 2
              }
            ],
            "credit_specification": [
              {
                "cpu_credits": "unlimited"
              }
            ],
            "disable_api_stop": false,
            "disable_api_termination": false,
            "ebs_block_device": [],
            "ebs_optimized": false,
            "enable_primary_ipv6": null,
            "enclave_options": [
              {
                "enabled": false
              }
            ],
            "ephemeral_block_device": [],
            "force_destroy": false,
            "get_password_data": false,
            "hibernation": false,
            "host_id": "",
            "host_resource_group_arn": null,
            "iam_instance_profile": "",
            "id": "i-0b4991d98fd0a2f18",
            "instance_initiated_shutdown_behavior": "stop",
            "instance_lifecycle": "",
            "instance_market_options": [],
            "instance_state": "running",
            "instance_type": "t3.medium",
            "ipv6_address_count": 0,
            "ipv6_addresses": [],
            "key_name": "hub-cloud-developer-access-key",
            "launch_template": [],
            "maintenance_options": [
              {
                "auto_recovery": "default"
              }
            ],
            "metadata_options": [
              {
                "http_endpoint": "enabled",
                "http_protocol_ipv6": "disabled",
                "http_put_response_hop_limit": 2,
                "http_tokens": "required",
                "instance_metadata_tags": "disabled"
              }
            ],
            "monitoring": false,
            "network_interface": [],
            "outpost_arn": "",
            "password_data": "",
            "placement_group": "",
            "placement_group_id": "",
            "placement_partition_number": 0,
            "primary_network_interface": [
              {
                "delete_on_termination": true,
                "network_interface_id": "eni-0e947e08cac91bc43"
              }
            ],
            "primary_network_interface_id": "eni-0e947e08cac91bc43",
            "private_dns": "ip-10-30-10-31.us-west-2.compute.internal",
            "private_dns_name_options": [
              {
                "enable_resource_name_dns_a_record": false,
                "enable_resource_name_dns_aaaa_record": false,
                "hostname_type": "ip-name"
              }
            ],
            "private_ip": "10.30.10.31",
            "public_dns": "ec2-32-186-187-101.us-west-2.compute.amazonaws.com",
            "public_ip": "32.186.187.101",
            "region": "us-west-2",
            "root_block_device": [
              {
                "delete_on_termination": true,
                "device_name": "/dev/sda1",
                "encrypted": false,
                "iops": 3000,
                "kms_key_id": "",
                "tags": {},
                "tags_all": {},
                "throughput": 125,
                "volume_id": "vol-08da6b19a7022b934",
                "volume_size": 8,
                "volume_type": "gp3"
              }
            ],
            "secondary_network_interface": [],
            "secondary_private_ips": [],
            "security_groups": [],
            "source_dest_check": true,
            "spot_instance_request_id": "",
            "subnet_id": "subnet-03cd9b887876fc6dd",
            "tags": {
              "Environment": "prod",
              "ManagedBy": "terraform",
              "Name": "hub-cloud-prod-app-server"
            },
            "tags_all": {
              "Environment": "prod",
              "ManagedBy": "terraform",
              "Name": "hub-cloud-prod-app-server"
            },
            "tenancy": "default",
            "timeouts": null,
            "user_data": "#!/bin/bash\n\n# Prevent interactive prompts during apt installations\nexport DEBIAN_FRONTEND=noninteractive\n\n# Update the base OS packages\napt-get update -y\napt-get upgrade -y\n\n# Add the official Ondřej Surý PHP repository for PHP 8.4 support\napt-get install -y software-properties-common\nadd-apt-repository -y ppa:ondrej/php\napt-get update -y\n\n# Install Nginx and the exact PHP 8.4 stack\napt-get install -y nginx \\\n  php8.4-fpm \\\n  php8.4-cli \\\n  php8.4-mysql \\\n  php8.4-xml \\\n  php8.4-mbstring \\\n  php8.4-curl \\\n  php8.4-zip \\\n  php8.4-bcmath\n\n# Pre-create his favorite public webroot directory\nmkdir -p /var/www/public_html\nchown -R ubuntu:ubuntu /var/www/public_html\nchmod -R 755 /var/www\n\n# Ensure services are enabled and active\nsystemctl enable nginx php8.4-fpm\nsystemctl start nginx php8.4-fpm",
            "user_data_base64": null,
            "user_data_replace_on_change": false,
            "volume_tags": null,
            "vpc_security_group_ids": [
              "sg-06438fddaa5c061a0"
            ]
          },
          "sensitive_attributes": [],
          "identity_schema_version": 0,
          "identity": {
            "account_id": "345362761946",
            "id": "i-0b4991d98fd0a2f18",
            "region": "us-west-2"
          },
          "private": "eyJlMmJmYjczMC1lY2FhLTExZTYtOGY4OC0zNDM2M2JjN2M0YzAiOnsiY3JlYXRlIjo2MDAwMDAwMDAwMDAsImRlbGV0ZSI6MTIwMDAwMDAwMDAwMCwicmVhZCI6OTAwMDAwMDAwMDAwLCJ1cGRhdGUiOjYwMDAwMDAwMDAwMH0sInNjaGVtYV92ZXJzaW9uIjoiMiJ9",
          "dependencies": [
            "aws_key_pair.deployer_key",
            "aws_security_group.prod_compute_sg",
            "aws_subnet.public",
            "aws_vpc.environment_vpc",
            "data.aws_ami.ubuntu",
            "tls_private_key.developer_key"
          ]
        }
      ]
    },
    {
      "mode": "managed",
      "type": "aws_instance",
      "name": "staging_app",
      "provider": "provider[\"registry.terraform.io/hashicorp/aws\"]",
      "instances": [
        {
          "schema_version": 2,
          "attributes": {
            "ami": "ami-0bd515973f5bcf6a0",
            "arn": "arn:aws:ec2:us-west-2:345362761946:instance/i-07ae12337e5589173",
            "associate_public_ip_address": true,
            "availability_zone": "us-west-2a",
            "capacity_reservation_specification": [
              {
                "capacity_reservation_preference": "open",
                "capacity_reservation_target": []
              }
            ],
            "cpu_options": [
              {
                "amd_sev_snp": "",
                "core_count": 1,
                "nested_virtualization": "",
                "threads_per_core": 2
              }
            ],
            "credit_specification": [
              {
                "cpu_credits": "unlimited"
              }
            ],
            "disable_api_stop": false,
            "disable_api_termination": false,
            "ebs_block_device": [],
            "ebs_optimized": false,
            "enable_primary_ipv6": null,
            "enclave_options": [
              {
                "enabled": false
              }
            ],
            "ephemeral_block_device": [],
            "force_destroy": false,
            "get_password_data": false,
            "hibernation": false,
            "host_id": "",
            "host_resource_group_arn": null,
            "iam_instance_profile": "",
            "id": "i-07ae12337e5589173",
            "instance_initiated_shutdown_behavior": "stop",
            "instance_lifecycle": "",
            "instance_market_options": [],
            "instance_state": "running",
            "instance_type": "t3.small",
            "ipv6_address_count": 0,
            "ipv6_addresses": [],
            "key_name": "hub-cloud-developer-access-key",
            "launch_template": [],
            "maintenance_options": [
              {
                "auto_recovery": "default"
              }
            ],
            "metadata_options": [
              {
                "http_endpoint": "enabled",
                "http_protocol_ipv6": "disabled",
                "http_put_response_hop_limit": 2,
                "http_tokens": "required",
                "instance_metadata_tags": "disabled"
              }
            ],
            "monitoring": false,
            "network_interface": [],
            "outpost_arn": "",
            "password_data": "",
            "placement_group": "",
            "placement_group_id": "",
            "placement_partition_number": 0,
            "primary_network_interface": [
              {
                "delete_on_termination": true,
                "network_interface_id": "eni-02492851acb09eabe"
              }
            ],
            "primary_network_interface_id": "eni-02492851acb09eabe",
            "private_dns": "ip-10-20-10-48.us-west-2.compute.internal",
            "private_dns_name_options": [
              {
                "enable_resource_name_dns_a_record": false,
                "enable_resource_name_dns_aaaa_record": false,
                "hostname_type": "ip-name"
              }
            ],
            "private_ip": "10.20.10.48",
            "public_dns": "ec2-100-23-7-17.us-west-2.compute.amazonaws.com",
            "public_ip": "100.23.7.17",
            "region": "us-west-2",
            "root_block_device": [
              {
                "delete_on_termination": true,
                "device_name": "/dev/sda1",
                "encrypted": false,
                "iops": 3000,
                "kms_key_id": "",
                "tags": {},
                "tags_all": {},
                "throughput": 125,
                "volume_id": "vol-0e5c9b0a2b5e8a892",
                "volume_size": 8,
                "volume_type": "gp3"
              }
            ],
            "secondary_network_interface": [],
            "secondary_private_ips": [],
            "security_groups": [],
            "source_dest_check": true,
            "spot_instance_request_id": "",
            "subnet_id": "subnet-03c9f9655c6d6ef16",
            "tags": {
              "Environment": "staging",
              "ManagedBy": "terraform",
              "Name": "hub-cloud-staging-app-server"
            },
            "tags_all": {
              "Environment": "staging",
              "ManagedBy": "terraform",
              "Name": "hub-cloud-staging-app-server"
            },
            "tenancy": "default",
            "timeouts": null,
            "user_data": "#!/bin/bash\n\n# Prevent interactive prompts during apt installations\nexport DEBIAN_FRONTEND=noninteractive\n\n# Update the base OS packages\napt-get update -y\napt-get upgrade -y\n\n# Add the official Ondřej Surý PHP repository for PHP 8.4 support\napt-get install -y software-properties-common\nadd-apt-repository -y ppa:ondrej/php\napt-get update -y\n\n# Install Nginx and the exact PHP 8.4 stack\napt-get install -y nginx \\\n  php8.4-fpm \\\n  php8.4-cli \\\n  php8.4-mysql \\\n  php8.4-xml \\\n  php8.4-mbstring \\\n  php8.4-curl \\\n  php8.4-zip \\\n  php8.4-bcmath\n\n# Pre-create his favorite public webroot directory\nmkdir -p /var/www/public_html\nchown -R ubuntu:ubuntu /var/www/public_html\nchmod -R 755 /var/www\n\n# Ensure services are enabled and active\nsystemctl enable nginx php8.4-fpm\nsystemctl start nginx php8.4-fpm",
            "user_data_base64": null,
            "user_data_replace_on_change": false,
            "volume_tags": null,
            "vpc_security_group_ids": [
              "sg-065d1edeae0e5467e"
            ]
          },
          "sensitive_attributes": [],
          "identity_schema_version": 0,
          "identity": {
            "account_id": "345362761946",
            "id": "i-07ae12337e5589173",
            "region": "us-west-2"
          },
          "private": "eyJlMmJmYjczMC1lY2FhLTExZTYtOGY4OC0zNDM2M2JjN2M0YzAiOnsiY3JlYXRlIjo2MDAwMDAwMDAwMDAsImRlbGV0ZSI6MTIwMDAwMDAwMDAwMCwicmVhZCI6OTAwMDAwMDAwMDAwLCJ1cGRhdGUiOjYwMDAwMDAwMDAwMH0sInNjaGVtYV92ZXJzaW9uIjoiMiJ9",
          "dependencies": [
            "aws_key_pair.deployer_key",
            "aws_security_group.staging_compute_sg",
            "aws_subnet.public",
            "aws_vpc.environment_vpc",
            "data.aws_ami.ubuntu",
            "tls_private_key.developer_key"
          ]
        }
      ]
    },
    {
      "mode": "managed",
      "type": "aws_internet_gateway",
      "name": "igw",
      "provider": "provider[\"registry.terraform.io/hashicorp/aws\"]",
      "instances": [
        {
          "index_key": "dev",
          "schema_version": 0,
          "attributes": {
            "arn": "arn:aws:ec2:us-west-2:345362761946:internet-gateway/igw-0f891a66c81bf9751",
            "id": "igw-0f891a66c81bf9751",
            "owner_id": "345362761946",
            "region": "us-west-2",
            "tags": {
              "ManagedBy": "terraform",
              "Name": "hub-cloud-dev-igw"
            },
            "tags_all": {
              "ManagedBy": "terraform",
              "Name": "hub-cloud-dev-igw"
            },
            "timeouts": null,
            "vpc_id": "vpc-0f806833923ac732f"
          },
          "sensitive_attributes": [],
          "identity_schema_version": 0,
          "identity": {
            "account_id": "345362761946",
            "id": "igw-0f891a66c81bf9751",
            "region": "us-west-2"
          },
          "private": "eyJlMmJmYjczMC1lY2FhLTExZTYtOGY4OC0zNDM2M2JjN2M0YzAiOnsiY3JlYXRlIjoxMjAwMDAwMDAwMDAwLCJkZWxldGUiOjEyMDAwMDAwMDAwMDAsInVwZGF0ZSI6MTIwMDAwMDAwMDAwMH19",
          "dependencies": [
            "aws_vpc.environment_vpc"
          ]
        },
        {
          "index_key": "prod",
          "schema_version": 0,
          "attributes": {
            "arn": "arn:aws:ec2:us-west-2:345362761946:internet-gateway/igw-01bd1dd10a8b0d645",
            "id": "igw-01bd1dd10a8b0d645",
            "owner_id": "345362761946",
            "region": "us-west-2",
            "tags": {
              "ManagedBy": "terraform",
              "Name": "hub-cloud-prod-igw"
            },
            "tags_all": {
              "ManagedBy": "terraform",
              "Name": "hub-cloud-prod-igw"
            },
            "timeouts": null,
            "vpc_id": "vpc-000829fd7d9749e61"
          },
          "sensitive_attributes": [],
          "identity_schema_version": 0,
          "identity": {
            "account_id": "345362761946",
            "id": "igw-01bd1dd10a8b0d645",
            "region": "us-west-2"
          },
          "private": "eyJlMmJmYjczMC1lY2FhLTExZTYtOGY4OC0zNDM2M2JjN2M0YzAiOnsiY3JlYXRlIjoxMjAwMDAwMDAwMDAwLCJkZWxldGUiOjEyMDAwMDAwMDAwMDAsInVwZGF0ZSI6MTIwMDAwMDAwMDAwMH19",
          "dependencies": [
            "aws_vpc.environment_vpc"
          ]
        },
        {
          "index_key": "staging",
          "schema_version": 0,
          "attributes": {
            "arn": "arn:aws:ec2:us-west-2:345362761946:internet-gateway/igw-03f3b31e4407c1ede",
            "id": "igw-03f3b31e4407c1ede",
            "owner_id": "345362761946",
            "region": "us-west-2",
            "tags": {
              "ManagedBy": "terraform",
              "Name": "hub-cloud-staging-igw"
            },
            "tags_all": {
              "ManagedBy": "terraform",
              "Name": "hub-cloud-staging-igw"
            },
            "timeouts": null,
            "vpc_id": "vpc-084c60b9a696b333e"
          },
          "sensitive_attributes": [],
          "identity_schema_version": 0,
          "identity": {
            "account_id": "345362761946",
            "id": "igw-03f3b31e4407c1ede",
            "region": "us-west-2"
          },
          "private": "eyJlMmJmYjczMC1lY2FhLTExZTYtOGY4OC0zNDM2M2JjN2M0YzAiOnsiY3JlYXRlIjoxMjAwMDAwMDAwMDAwLCJkZWxldGUiOjEyMDAwMDAwMDAwMDAsInVwZGF0ZSI6MTIwMDAwMDAwMDAwMH19",
          "dependencies": [
            "aws_vpc.environment_vpc"
          ]
        }
      ]
    },
    {
      "mode": "managed",
      "type": "aws_key_pair",
      "name": "deployer_key",
      "provider": "provider[\"registry.terraform.io/hashicorp/aws\"]",
      "instances": [
        {
          "schema_version": 1,
          "attributes": {
            "arn": "arn:aws:ec2:us-west-2:345362761946:key-pair/hub-cloud-developer-access-key",
            "fingerprint": "75:a1:cb:cc:9b:d9:ba:0b:f9:6c:50:16:5d:d7:e0:2a",
            "id": "hub-cloud-developer-access-key",
            "key_name": "hub-cloud-developer-access-key",
            "key_name_prefix": "",
            "key_pair_id": "key-0df40229f8b18f38e",
            "key_type": "rsa",
            "public_key": "ssh-rsa AAAAB3NzaC1yc2EAAAADAQABAAACAQDLlkyDn2p4pDwXaZYsAE1Sjs0PjslSDHt0Gaqi1CexPTrn80B6AbCdGYGUi4l2zHFl6tXo3A/8cZLtlvultjU5+zl9TOJUCPPFmjCvobp8cg3Fk2AteQlkNOZLMSmNo0lpOlndWuOUuXh1FYPTIrnPOxB7PUFl34IieQo6QbeRuHxtNVjPKPoOPtW24YdwE0seHqoZqRUp/Vp2f6fnXwd/mCJo574zj+OmUX3IURMh/iZiJXWs7SvPbuRHcPf/Xos8FdoVo1yXoXyTFy/r/BwzeLYMg/pB33eeUoX3mIyGO+DhfVRAWtvqhu/bqGXbefl6NCMvLxQk9yN1VUoDrvDSwjIneq1ZlFh8sRKy+ragVFxjRUqBCHn1YPZsmyV5cgaZwRLI3fgqxxtAmKubKemVfzwmuo/WudlvCQbEeiRSE8iIkjuyutQEiUxDA+ljIFGWm4wWEzTXMUgUY9TNFtAK82e1VaKcSMykCNjZ/TLwCHmtqLG87g6CWePojBdMo6rc6wOKiYIQmhYgdwpzjlwCzbFBtR33nGMtp4Rdwhpv10Aej82UzNaMpuRuEWe1J9aO5d3dK8e4ZFDR9dRL9bEBNxuYBcQW+eO81kvy/bJDV6suJqfuGnSqGoLpVVzJErX/2M6i3uW44rHWnRaSfADU7wHFofep90zx/xh3etz8Fw==",
            "region": "us-west-2",
            "tags": {},
            "tags_all": {}
          },
          "sensitive_attributes": [],
          "identity_schema_version": 0,
          "private": "eyJzY2hlbWFfdmVyc2lvbiI6IjEifQ==",
          "dependencies": [
            "tls_private_key.developer_key"
          ]
        }
      ]
    },
    {
      "mode": "managed",
      "type": "aws_route_table",
      "name": "public",
      "provider": "provider[\"registry.terraform.io/hashicorp/aws\"]",
      "instances": [
        {
          "index_key": "dev",
          "schema_version": 0,
          "attributes": {
            "arn": "arn:aws:ec2:us-west-2:345362761946:route-table/rtb-09565e3b29a8d5b4c",
            "id": "rtb-09565e3b29a8d5b4c",
            "owner_id": "345362761946",
            "propagating_vgws": [],
            "region": "us-west-2",
            "route": [
              {
                "carrier_gateway_id": "",
                "cidr_block": "0.0.0.0/0",
                "core_network_arn": "",
                "destination_prefix_list_id": "",
                "egress_only_gateway_id": "",
                "gateway_id": "igw-0f891a66c81bf9751",
                "ipv6_cidr_block": "",
                "local_gateway_id": "",
                "nat_gateway_id": "",
                "network_interface_id": "",
                "odb_network_arn": "",
                "transit_gateway_id": "",
                "vpc_endpoint_id": "",
                "vpc_peering_connection_id": ""
              }
            ],
            "tags": {
              "Name": "hub-cloud-dev-public-rt"
            },
            "tags_all": {
              "Name": "hub-cloud-dev-public-rt"
            },
            "timeouts": null,
            "vpc_id": "vpc-0f806833923ac732f"
          },
          "sensitive_attributes": [],
          "identity_schema_version": 0,
          "identity": {
            "account_id": "345362761946",
            "id": "rtb-09565e3b29a8d5b4c",
            "region": "us-west-2"
          },
          "private": "eyJlMmJmYjczMC1lY2FhLTExZTYtOGY4OC0zNDM2M2JjN2M0YzAiOnsiY3JlYXRlIjozMDAwMDAwMDAwMDAsImRlbGV0ZSI6MzAwMDAwMDAwMDAwLCJ1cGRhdGUiOjEyMDAwMDAwMDAwMH19",
          "dependencies": [
            "aws_internet_gateway.igw",
            "aws_vpc.environment_vpc"
          ]
        },
        {
          "index_key": "prod",
          "schema_version": 0,
          "attributes": {
            "arn": "arn:aws:ec2:us-west-2:345362761946:route-table/rtb-0d7d05c4fed2fe1bc",
            "id": "rtb-0d7d05c4fed2fe1bc",
            "owner_id": "345362761946",
            "propagating_vgws": [],
            "region": "us-west-2",
            "route": [
              {
                "carrier_gateway_id": "",
                "cidr_block": "0.0.0.0/0",
                "core_network_arn": "",
                "destination_prefix_list_id": "",
                "egress_only_gateway_id": "",
                "gateway_id": "igw-01bd1dd10a8b0d645",
                "ipv6_cidr_block": "",
                "local_gateway_id": "",
                "nat_gateway_id": "",
                "network_interface_id": "",
                "odb_network_arn": "",
                "transit_gateway_id": "",
                "vpc_endpoint_id": "",
                "vpc_peering_connection_id": ""
              }
            ],
            "tags": {
              "Name": "hub-cloud-prod-public-rt"
            },
            "tags_all": {
              "Name": "hub-cloud-prod-public-rt"
            },
            "timeouts": null,
            "vpc_id": "vpc-000829fd7d9749e61"
          },
          "sensitive_attributes": [],
          "identity_schema_version": 0,
          "identity": {
            "account_id": "345362761946",
            "id": "rtb-0d7d05c4fed2fe1bc",
            "region": "us-west-2"
          },
          "private": "eyJlMmJmYjczMC1lY2FhLTExZTYtOGY4OC0zNDM2M2JjN2M0YzAiOnsiY3JlYXRlIjozMDAwMDAwMDAwMDAsImRlbGV0ZSI6MzAwMDAwMDAwMDAwLCJ1cGRhdGUiOjEyMDAwMDAwMDAwMH19",
          "dependencies": [
            "aws_internet_gateway.igw",
            "aws_vpc.environment_vpc"
          ]
        },
        {
          "index_key": "staging",
          "schema_version": 0,
          "attributes": {
            "arn": "arn:aws:ec2:us-west-2:345362761946:route-table/rtb-0f4383a2d6f3d23e9",
            "id": "rtb-0f4383a2d6f3d23e9",
            "owner_id": "345362761946",
            "propagating_vgws": [],
            "region": "us-west-2",
            "route": [
              {
                "carrier_gateway_id": "",
                "cidr_block": "0.0.0.0/0",
                "core_network_arn": "",
                "destination_prefix_list_id": "",
                "egress_only_gateway_id": "",
                "gateway_id": "igw-03f3b31e4407c1ede",
                "ipv6_cidr_block": "",
                "local_gateway_id": "",
                "nat_gateway_id": "",
                "network_interface_id": "",
                "odb_network_arn": "",
                "transit_gateway_id": "",
                "vpc_endpoint_id": "",
                "vpc_peering_connection_id": ""
              }
            ],
            "tags": {
              "Name": "hub-cloud-staging-public-rt"
            },
            "tags_all": {
              "Name": "hub-cloud-staging-public-rt"
            },
            "timeouts": null,
            "vpc_id": "vpc-084c60b9a696b333e"
          },
          "sensitive_attributes": [],
          "identity_schema_version": 0,
          "identity": {
            "account_id": "345362761946",
            "id": "rtb-0f4383a2d6f3d23e9",
            "region": "us-west-2"
          },
          "private": "eyJlMmJmYjczMC1lY2FhLTExZTYtOGY4OC0zNDM2M2JjN2M0YzAiOnsiY3JlYXRlIjozMDAwMDAwMDAwMDAsImRlbGV0ZSI6MzAwMDAwMDAwMDAwLCJ1cGRhdGUiOjEyMDAwMDAwMDAwMH19",
          "dependencies": [
            "aws_internet_gateway.igw",
            "aws_vpc.environment_vpc"
          ]
        }
      ]
    },
    {
      "mode": "managed",
      "type": "aws_route_table_association",
      "name": "public",
      "provider": "provider[\"registry.terraform.io/hashicorp/aws\"]",
      "instances": [
        {
          "index_key": "dev",
          "schema_version": 0,
          "attributes": {
            "gateway_id": "",
            "id": "rtbassoc-0af14b8d2a9c6479f",
            "region": "us-west-2",
            "route_table_id": "rtb-09565e3b29a8d5b4c",
            "subnet_id": "subnet-0c608e9a102b44be4",
            "timeouts": null
          },
          "sensitive_attributes": [],
          "identity_schema_version": 0,
          "identity": {
            "account_id": "345362761946",
            "id": "rtbassoc-0af14b8d2a9c6479f",
            "region": "us-west-2"
          },
          "private": "eyJlMmJmYjczMC1lY2FhLTExZTYtOGY4OC0zNDM2M2JjN2M0YzAiOnsiY3JlYXRlIjozMDAwMDAwMDAwMDAsImRlbGV0ZSI6MzAwMDAwMDAwMDAwLCJ1cGRhdGUiOjEyMDAwMDAwMDAwMH19",
          "dependencies": [
            "aws_internet_gateway.igw",
            "aws_route_table.public",
            "aws_subnet.public",
            "aws_vpc.environment_vpc"
          ]
        },
        {
          "index_key": "prod",
          "schema_version": 0,
          "attributes": {
            "gateway_id": "",
            "id": "rtbassoc-0c9cf5beb3aef7638",
            "region": "us-west-2",
            "route_table_id": "rtb-0d7d05c4fed2fe1bc",
            "subnet_id": "subnet-03cd9b887876fc6dd",
            "timeouts": null
          },
          "sensitive_attributes": [],
          "identity_schema_version": 0,
          "identity": {
            "account_id": "345362761946",
            "id": "rtbassoc-0c9cf5beb3aef7638",
            "region": "us-west-2"
          },
          "private": "eyJlMmJmYjczMC1lY2FhLTExZTYtOGY4OC0zNDM2M2JjN2M0YzAiOnsiY3JlYXRlIjozMDAwMDAwMDAwMDAsImRlbGV0ZSI6MzAwMDAwMDAwMDAwLCJ1cGRhdGUiOjEyMDAwMDAwMDAwMH19",
          "dependencies": [
            "aws_internet_gateway.igw",
            "aws_route_table.public",
            "aws_subnet.public",
            "aws_vpc.environment_vpc"
          ]
        },
        {
          "index_key": "staging",
          "schema_version": 0,
          "attributes": {
            "gateway_id": "",
            "id": "rtbassoc-0a3350102dfc37f7d",
            "region": "us-west-2",
            "route_table_id": "rtb-0f4383a2d6f3d23e9",
            "subnet_id": "subnet-03c9f9655c6d6ef16",
            "timeouts": null
          },
          "sensitive_attributes": [],
          "identity_schema_version": 0,
          "identity": {
            "account_id": "345362761946",
            "id": "rtbassoc-0a3350102dfc37f7d",
            "region": "us-west-2"
          },
          "private": "eyJlMmJmYjczMC1lY2FhLTExZTYtOGY4OC0zNDM2M2JjN2M0YzAiOnsiY3JlYXRlIjozMDAwMDAwMDAwMDAsImRlbGV0ZSI6MzAwMDAwMDAwMDAwLCJ1cGRhdGUiOjEyMDAwMDAwMDAwMH19",
          "dependencies": [
            "aws_internet_gateway.igw",
            "aws_route_table.public",
            "aws_subnet.public",
            "aws_vpc.environment_vpc"
          ]
        }
      ]
    },
    {
      "mode": "managed",
      "type": "aws_secretsmanager_secret",
      "name": "db_secret",
      "provider": "provider[\"registry.terraform.io/hashicorp/aws\"]",
      "instances": [
        {
          "schema_version": 0,
          "attributes": {
            "arn": "arn:aws:secretsmanager:us-west-2:345362761946:secret:hub-cloud-prod-db-credentials-7WBjQP",
            "description": "Encryption vault for live Production RDS credentials",
            "force_overwrite_replica_secret": false,
            "id": "arn:aws:secretsmanager:us-west-2:345362761946:secret:hub-cloud-prod-db-credentials-7WBjQP",
            "kms_key_id": "",
            "name": "hub-cloud-prod-db-credentials",
            "name_prefix": "",
            "policy": "",
            "recovery_window_in_days": 7,
            "region": "us-west-2",
            "replica": [],
            "tags": {},
            "tags_all": {}
          },
          "sensitive_attributes": [],
          "identity_schema_version": 0,
          "identity": {
            "arn": "arn:aws:secretsmanager:us-west-2:345362761946:secret:hub-cloud-prod-db-credentials-7WBjQP"
          },
          "private": "bnVsbA=="
        }
      ]
    },
    {
      "mode": "managed",
      "type": "aws_secretsmanager_secret_version",
      "name": "db_secret_payload",
      "provider": "provider[\"registry.terraform.io/hashicorp/aws\"]",
      "instances": [
        {
          "schema_version": 0,
          "attributes": {
            "arn": "arn:aws:secretsmanager:us-west-2:345362761946:secret:hub-cloud-prod-db-credentials-7WBjQP",
            "has_secret_string_wo": null,
            "id": "arn:aws:secretsmanager:us-west-2:345362761946:secret:hub-cloud-prod-db-credentials-7WBjQP|terraform-XUl7Al45OXGZrctFWKOHfX5nz3",
            "region": "us-west-2",
            "secret_arn": "arn:aws:secretsmanager:us-west-2:345362761946:secret:hub-cloud-prod-db-credentials-7WBjQP",
            "secret_binary": "",
            "secret_id": "arn:aws:secretsmanager:us-west-2:345362761946:secret:hub-cloud-prod-db-credentials-7WBjQP",
            "secret_string": "{\"engine\":\"mysql\",\"password\":\"ZlhvOiR$6MSEuo\\u0026m\",\"port\":3306,\"username\":\"admin_vault\"}",
            "secret_string_wo": null,
            "secret_string_wo_version": null,
            "version_id": "terraform-XUl7Al45OXGZrctFWKOHfX5nz3",
            "version_stages": [
              "AWSCURRENT"
            ]
          },
          "sensitive_attributes": [
            [
              {
                "type": "get_attr",
                "value": "secret_binary"
              }
            ],
            [
              {
                "type": "get_attr",
                "value": "secret_string"
              }
            ],
            [
              {
                "type": "get_attr",
                "value": "secret_string_wo"
              }
            ]
          ],
          "identity_schema_version": 0,
          "identity": {
            "account_id": "345362761946",
            "region": "us-west-2",
            "secret_id": "arn:aws:secretsmanager:us-west-2:345362761946:secret:hub-cloud-prod-db-credentials-7WBjQP",
            "version_id": "terraform-XUl7Al45OXGZrctFWKOHfX5nz3"
          },
          "private": "bnVsbA==",
          "dependencies": [
            "aws_secretsmanager_secret.db_secret",
            "random_password.db_master_password"
          ]
        }
      ]
    },
    {
      "mode": "managed",
      "type": "aws_security_group",
      "name": "dev_compute_sg",
      "provider": "provider[\"registry.terraform.io/hashicorp/aws\"]",
      "instances": [
        {
          "schema_version": 1,
          "attributes": {
            "arn": "arn:aws:ec2:us-west-2:345362761946:security-group/sg-0d8aa82178d9ec52a",
            "description": "Assigned to Dev instances and agents",
            "egress": [],
            "id": "sg-0d8aa82178d9ec52a",
            "ingress": [],
            "name": "dev-compute-security-group",
            "name_prefix": "",
            "owner_id": "345362761946",
            "region": "us-west-2",
            "revoke_rules_on_delete": false,
            "tags": {},
            "tags_all": {},
            "timeouts": null,
            "vpc_id": "vpc-0f806833923ac732f"
          },
          "sensitive_attributes": [],
          "identity_schema_version": 0,
          "identity": {
            "account_id": "345362761946",
            "id": "sg-0d8aa82178d9ec52a",
            "region": "us-west-2"
          },
          "private": "eyJlMmJmYjczMC1lY2FhLTExZTYtOGY4OC0zNDM2M2JjN2M0YzAiOnsiY3JlYXRlIjo2MDAwMDAwMDAwMDAsImRlbGV0ZSI6OTAwMDAwMDAwMDAwfSwic2NoZW1hX3ZlcnNpb24iOiIxIn0=",
          "dependencies": [
            "aws_vpc.environment_vpc"
          ]
        }
      ]
    },
    {
      "mode": "managed",
      "type": "aws_security_group",
      "name": "dev_db_sg",
      "provider": "provider[\"registry.terraform.io/hashicorp/aws\"]",
      "instances": [
        {
          "schema_version": 1,
          "attributes": {
            "arn": "arn:aws:ec2:us-west-2:345362761946:security-group/sg-0f5ac7b2583a8031a",
            "description": "Managed by Terraform",
            "egress": [
              {
                "cidr_blocks": [
                  "0.0.0.0/0"
                ],
                "description": "",
                "from_port": 0,
                "ipv6_cidr_blocks": [],
                "prefix_list_ids": [],
                "protocol": "-1",
                "security_groups": [],
                "self": false,
                "to_port": 0
              }
            ],
            "id": "sg-0f5ac7b2583a8031a",
            "ingress": [
              {
                "cidr_blocks": [],
                "description": "Allow inbound traffic strictly from Dev compute",
                "from_port": 3306,
                "ipv6_cidr_blocks": [],
                "prefix_list_ids": [],
                "protocol": "tcp",
                "security_groups": [
                  "sg-0d8aa82178d9ec52a"
                ],
                "self": false,
                "to_port": 3306
              }
            ],
            "name": "dev-database-security-group",
            "name_prefix": "",
            "owner_id": "345362761946",
            "region": "us-west-2",
            "revoke_rules_on_delete": false,
            "tags": {},
            "tags_all": {},
            "timeouts": null,
            "vpc_id": "vpc-0f806833923ac732f"
          },
          "sensitive_attributes": [],
          "identity_schema_version": 0,
          "identity": {
            "account_id": "345362761946",
            "id": "sg-0f5ac7b2583a8031a",
            "region": "us-west-2"
          },
          "private": "eyJlMmJmYjczMC1lY2FhLTExZTYtOGY4OC0zNDM2M2JjN2M0YzAiOnsiY3JlYXRlIjo2MDAwMDAwMDAwMDAsImRlbGV0ZSI6OTAwMDAwMDAwMDAwfSwic2NoZW1hX3ZlcnNpb24iOiIxIn0=",
          "dependencies": [
            "aws_security_group.dev_compute_sg",
            "aws_vpc.environment_vpc"
          ]
        }
      ]
    },
    {
      "mode": "managed",
      "type": "aws_security_group",
      "name": "prod_compute_sg",
      "provider": "provider[\"registry.terraform.io/hashicorp/aws\"]",
      "instances": [
        {
          "schema_version": 1,
          "attributes": {
            "arn": "arn:aws:ec2:us-west-2:345362761946:security-group/sg-06438fddaa5c061a0",
            "description": "Managed by Terraform",
            "egress": [],
            "id": "sg-06438fddaa5c061a0",
            "ingress": [],
            "name": "prod-compute-security-group",
            "name_prefix": "",
            "owner_id": "345362761946",
            "region": "us-west-2",
            "revoke_rules_on_delete": false,
            "tags": {},
            "tags_all": {},
            "timeouts": null,
            "vpc_id": "vpc-000829fd7d9749e61"
          },
          "sensitive_attributes": [],
          "identity_schema_version": 0,
          "identity": {
            "account_id": "345362761946",
            "id": "sg-06438fddaa5c061a0",
            "region": "us-west-2"
          },
          "private": "eyJlMmJmYjczMC1lY2FhLTExZTYtOGY4OC0zNDM2M2JjN2M0YzAiOnsiY3JlYXRlIjo2MDAwMDAwMDAwMDAsImRlbGV0ZSI6OTAwMDAwMDAwMDAwfSwic2NoZW1hX3ZlcnNpb24iOiIxIn0=",
          "dependencies": [
            "aws_vpc.environment_vpc"
          ]
        }
      ]
    },
    {
      "mode": "managed",
      "type": "aws_security_group",
      "name": "prod_db_sg",
      "provider": "provider[\"registry.terraform.io/hashicorp/aws\"]",
      "instances": [
        {
          "schema_version": 1,
          "attributes": {
            "arn": "arn:aws:ec2:us-west-2:345362761946:security-group/sg-09a3ea77c98c36e54",
            "description": "Managed by Terraform",
            "egress": [
              {
                "cidr_blocks": [
                  "0.0.0.0/0"
                ],
                "description": "",
                "from_port": 0,
                "ipv6_cidr_blocks": [],
                "prefix_list_ids": [],
                "protocol": "-1",
                "security_groups": [],
                "self": false,
                "to_port": 0
              }
            ],
            "id": "sg-09a3ea77c98c36e54",
            "ingress": [
              {
                "cidr_blocks": [],
                "description": "Strictly limit live database access to production compute",
                "from_port": 3306,
                "ipv6_cidr_blocks": [],
                "prefix_list_ids": [],
                "protocol": "tcp",
                "security_groups": [
                  "sg-06438fddaa5c061a0"
                ],
                "self": false,
                "to_port": 3306
              }
            ],
            "name": "prod-database-security-group",
            "name_prefix": "",
            "owner_id": "345362761946",
            "region": "us-west-2",
            "revoke_rules_on_delete": false,
            "tags": {},
            "tags_all": {},
            "timeouts": null,
            "vpc_id": "vpc-000829fd7d9749e61"
          },
          "sensitive_attributes": [],
          "identity_schema_version": 0,
          "identity": {
            "account_id": "345362761946",
            "id": "sg-09a3ea77c98c36e54",
            "region": "us-west-2"
          },
          "private": "eyJlMmJmYjczMC1lY2FhLTExZTYtOGY4OC0zNDM2M2JjN2M0YzAiOnsiY3JlYXRlIjo2MDAwMDAwMDAwMDAsImRlbGV0ZSI6OTAwMDAwMDAwMDAwfSwic2NoZW1hX3ZlcnNpb24iOiIxIn0=",
          "dependencies": [
            "aws_security_group.prod_compute_sg",
            "aws_vpc.environment_vpc"
          ]
        }
      ]
    },
    {
      "mode": "managed",
      "type": "aws_security_group",
      "name": "staging_compute_sg",
      "provider": "provider[\"registry.terraform.io/hashicorp/aws\"]",
      "instances": [
        {
          "schema_version": 1,
          "attributes": {
            "arn": "arn:aws:ec2:us-west-2:345362761946:security-group/sg-065d1edeae0e5467e",
            "description": "Managed by Terraform",
            "egress": [],
            "id": "sg-065d1edeae0e5467e",
            "ingress": [],
            "name": "staging-compute-security-group",
            "name_prefix": "",
            "owner_id": "345362761946",
            "region": "us-west-2",
            "revoke_rules_on_delete": false,
            "tags": {},
            "tags_all": {},
            "timeouts": null,
            "vpc_id": "vpc-084c60b9a696b333e"
          },
          "sensitive_attributes": [],
          "identity_schema_version": 0,
          "identity": {
            "account_id": "345362761946",
            "id": "sg-065d1edeae0e5467e",
            "region": "us-west-2"
          },
          "private": "eyJlMmJmYjczMC1lY2FhLTExZTYtOGY4OC0zNDM2M2JjN2M0YzAiOnsiY3JlYXRlIjo2MDAwMDAwMDAwMDAsImRlbGV0ZSI6OTAwMDAwMDAwMDAwfSwic2NoZW1hX3ZlcnNpb24iOiIxIn0=",
          "dependencies": [
            "aws_vpc.environment_vpc"
          ]
        }
      ]
    },
    {
      "mode": "managed",
      "type": "aws_security_group",
      "name": "staging_db_sg",
      "provider": "provider[\"registry.terraform.io/hashicorp/aws\"]",
      "instances": [
        {
          "schema_version": 1,
          "attributes": {
            "arn": "arn:aws:ec2:us-west-2:345362761946:security-group/sg-0a946a7f4ef3634c0",
            "description": "Managed by Terraform",
            "egress": [
              {
                "cidr_blocks": [
                  "0.0.0.0/0"
                ],
                "description": "",
                "from_port": 0,
                "ipv6_cidr_blocks": [],
                "prefix_list_ids": [],
                "protocol": "-1",
                "security_groups": [],
                "self": false,
                "to_port": 0
              }
            ],
            "id": "sg-0a946a7f4ef3634c0",
            "ingress": [
              {
                "cidr_blocks": [],
                "description": "Allow staging compute to query the staging database",
                "from_port": 3306,
                "ipv6_cidr_blocks": [],
                "prefix_list_ids": [],
                "protocol": "tcp",
                "security_groups": [
                  "sg-065d1edeae0e5467e"
                ],
                "self": false,
                "to_port": 3306
              }
            ],
            "name": "staging-database-security-group",
            "name_prefix": "",
            "owner_id": "345362761946",
            "region": "us-west-2",
            "revoke_rules_on_delete": false,
            "tags": {},
            "tags_all": {},
            "timeouts": null,
            "vpc_id": "vpc-084c60b9a696b333e"
          },
          "sensitive_attributes": [],
          "identity_schema_version": 0,
          "identity": {
            "account_id": "345362761946",
            "id": "sg-0a946a7f4ef3634c0",
            "region": "us-west-2"
          },
          "private": "eyJlMmJmYjczMC1lY2FhLTExZTYtOGY4OC0zNDM2M2JjN2M0YzAiOnsiY3JlYXRlIjo2MDAwMDAwMDAwMDAsImRlbGV0ZSI6OTAwMDAwMDAwMDAwfSwic2NoZW1hX3ZlcnNpb24iOiIxIn0=",
          "dependencies": [
            "aws_security_group.staging_compute_sg",
            "aws_vpc.environment_vpc"
          ]
        }
      ]
    },
    {
      "mode": "managed",
      "type": "aws_subnet",
      "name": "database_subnet_az1",
      "provider": "provider[\"registry.terraform.io/hashicorp/aws\"]",
      "instances": [
        {
          "index_key": "dev",
          "schema_version": 1,
          "attributes": {
            "arn": "arn:aws:ec2:us-west-2:345362761946:subnet/subnet-0f2bbe8d6d4e0f2ef",
            "assign_ipv6_address_on_creation": false,
            "availability_zone": "us-west-2a",
            "availability_zone_id": "usw2-az2",
            "cidr_block": "10.10.50.0/24",
            "customer_owned_ipv4_pool": "",
            "enable_dns64": false,
            "enable_lni_at_device_index": 0,
            "enable_resource_name_dns_a_record_on_launch": false,
            "enable_resource_name_dns_aaaa_record_on_launch": false,
            "id": "subnet-0f2bbe8d6d4e0f2ef",
            "ipv4_ipam_pool_id": null,
            "ipv4_netmask_length": null,
            "ipv6_cidr_block": "",
            "ipv6_cidr_block_association_id": "",
            "ipv6_ipam_pool_id": null,
            "ipv6_native": false,
            "ipv6_netmask_length": null,
            "map_customer_owned_ip_on_launch": false,
            "map_public_ip_on_launch": false,
            "outpost_arn": "",
            "owner_id": "345362761946",
            "private_dns_hostname_type_on_launch": "ip-name",
            "region": "us-west-2",
            "tags": {
              "Environment": "dev",
              "Name": "hub-cloud-dev-db-subnet-az1"
            },
            "tags_all": {
              "Environment": "dev",
              "Name": "hub-cloud-dev-db-subnet-az1"
            },
            "timeouts": null,
            "vpc_id": "vpc-0f806833923ac732f"
          },
          "sensitive_attributes": [],
          "identity_schema_version": 0,
          "identity": {
            "account_id": "345362761946",
            "id": "subnet-0f2bbe8d6d4e0f2ef",
            "region": "us-west-2"
          },
          "private": "eyJlMmJmYjczMC1lY2FhLTExZTYtOGY4OC0zNDM2M2JjN2M0YzAiOnsiY3JlYXRlIjo2MDAwMDAwMDAwMDAsImRlbGV0ZSI6MTIwMDAwMDAwMDAwMH0sInNjaGVtYV92ZXJzaW9uIjoiMSJ9",
          "dependencies": [
            "aws_vpc.environment_vpc"
          ]
        },
        {
          "index_key": "prod",
          "schema_version": 1,
          "attributes": {
            "arn": "arn:aws:ec2:us-west-2:345362761946:subnet/subnet-0c17e6ad8293952f6",
            "assign_ipv6_address_on_creation": false,
            "availability_zone": "us-west-2a",
            "availability_zone_id": "usw2-az2",
            "cidr_block": "10.30.50.0/24",
            "customer_owned_ipv4_pool": "",
            "enable_dns64": false,
            "enable_lni_at_device_index": 0,
            "enable_resource_name_dns_a_record_on_launch": false,
            "enable_resource_name_dns_aaaa_record_on_launch": false,
            "id": "subnet-0c17e6ad8293952f6",
            "ipv4_ipam_pool_id": null,
            "ipv4_netmask_length": null,
            "ipv6_cidr_block": "",
            "ipv6_cidr_block_association_id": "",
            "ipv6_ipam_pool_id": null,
            "ipv6_native": false,
            "ipv6_netmask_length": null,
            "map_customer_owned_ip_on_launch": false,
            "map_public_ip_on_launch": false,
            "outpost_arn": "",
            "owner_id": "345362761946",
            "private_dns_hostname_type_on_launch": "ip-name",
            "region": "us-west-2",
            "tags": {
              "Environment": "prod",
              "Name": "hub-cloud-prod-db-subnet-az1"
            },
            "tags_all": {
              "Environment": "prod",
              "Name": "hub-cloud-prod-db-subnet-az1"
            },
            "timeouts": null,
            "vpc_id": "vpc-000829fd7d9749e61"
          },
          "sensitive_attributes": [],
          "identity_schema_version": 0,
          "identity": {
            "account_id": "345362761946",
            "id": "subnet-0c17e6ad8293952f6",
            "region": "us-west-2"
          },
          "private": "eyJlMmJmYjczMC1lY2FhLTExZTYtOGY4OC0zNDM2M2JjN2M0YzAiOnsiY3JlYXRlIjo2MDAwMDAwMDAwMDAsImRlbGV0ZSI6MTIwMDAwMDAwMDAwMH0sInNjaGVtYV92ZXJzaW9uIjoiMSJ9",
          "dependencies": [
            "aws_vpc.environment_vpc"
          ]
        },
        {
          "index_key": "staging",
          "schema_version": 1,
          "attributes": {
            "arn": "arn:aws:ec2:us-west-2:345362761946:subnet/subnet-0454e8015351680fe",
            "assign_ipv6_address_on_creation": false,
            "availability_zone": "us-west-2a",
            "availability_zone_id": "usw2-az2",
            "cidr_block": "10.20.50.0/24",
            "customer_owned_ipv4_pool": "",
            "enable_dns64": false,
            "enable_lni_at_device_index": 0,
            "enable_resource_name_dns_a_record_on_launch": false,
            "enable_resource_name_dns_aaaa_record_on_launch": false,
            "id": "subnet-0454e8015351680fe",
            "ipv4_ipam_pool_id": null,
            "ipv4_netmask_length": null,
            "ipv6_cidr_block": "",
            "ipv6_cidr_block_association_id": "",
            "ipv6_ipam_pool_id": null,
            "ipv6_native": false,
            "ipv6_netmask_length": null,
            "map_customer_owned_ip_on_launch": false,
            "map_public_ip_on_launch": false,
            "outpost_arn": "",
            "owner_id": "345362761946",
            "private_dns_hostname_type_on_launch": "ip-name",
            "region": "us-west-2",
            "tags": {
              "Environment": "staging",
              "Name": "hub-cloud-staging-db-subnet-az1"
            },
            "tags_all": {
              "Environment": "staging",
              "Name": "hub-cloud-staging-db-subnet-az1"
            },
            "timeouts": null,
            "vpc_id": "vpc-084c60b9a696b333e"
          },
          "sensitive_attributes": [],
          "identity_schema_version": 0,
          "identity": {
            "account_id": "345362761946",
            "id": "subnet-0454e8015351680fe",
            "region": "us-west-2"
          },
          "private": "eyJlMmJmYjczMC1lY2FhLTExZTYtOGY4OC0zNDM2M2JjN2M0YzAiOnsiY3JlYXRlIjo2MDAwMDAwMDAwMDAsImRlbGV0ZSI6MTIwMDAwMDAwMDAwMH0sInNjaGVtYV92ZXJzaW9uIjoiMSJ9",
          "dependencies": [
            "aws_vpc.environment_vpc"
          ]
        }
      ]
    },
    {
      "mode": "managed",
      "type": "aws_subnet",
      "name": "database_subnet_az2",
      "provider": "provider[\"registry.terraform.io/hashicorp/aws\"]",
      "instances": [
        {
          "index_key": "dev",
          "schema_version": 1,
          "attributes": {
            "arn": "arn:aws:ec2:us-west-2:345362761946:subnet/subnet-0584a6da54c105f84",
            "assign_ipv6_address_on_creation": false,
            "availability_zone": "us-west-2b",
            "availability_zone_id": "usw2-az1",
            "cidr_block": "10.10.51.0/24",
            "customer_owned_ipv4_pool": "",
            "enable_dns64": false,
            "enable_lni_at_device_index": 0,
            "enable_resource_name_dns_a_record_on_launch": false,
            "enable_resource_name_dns_aaaa_record_on_launch": false,
            "id": "subnet-0584a6da54c105f84",
            "ipv4_ipam_pool_id": null,
            "ipv4_netmask_length": null,
            "ipv6_cidr_block": "",
            "ipv6_cidr_block_association_id": "",
            "ipv6_ipam_pool_id": null,
            "ipv6_native": false,
            "ipv6_netmask_length": null,
            "map_customer_owned_ip_on_launch": false,
            "map_public_ip_on_launch": false,
            "outpost_arn": "",
            "owner_id": "345362761946",
            "private_dns_hostname_type_on_launch": "ip-name",
            "region": "us-west-2",
            "tags": {
              "Environment": "dev",
              "Name": "hub-cloud-dev-db-subnet-az2"
            },
            "tags_all": {
              "Environment": "dev",
              "Name": "hub-cloud-dev-db-subnet-az2"
            },
            "timeouts": null,
            "vpc_id": "vpc-0f806833923ac732f"
          },
          "sensitive_attributes": [],
          "identity_schema_version": 0,
          "identity": {
            "account_id": "345362761946",
            "id": "subnet-0584a6da54c105f84",
            "region": "us-west-2"
          },
          "private": "eyJlMmJmYjczMC1lY2FhLTExZTYtOGY4OC0zNDM2M2JjN2M0YzAiOnsiY3JlYXRlIjo2MDAwMDAwMDAwMDAsImRlbGV0ZSI6MTIwMDAwMDAwMDAwMH0sInNjaGVtYV92ZXJzaW9uIjoiMSJ9",
          "dependencies": [
            "aws_vpc.environment_vpc"
          ]
        },
        {
          "index_key": "prod",
          "schema_version": 1,
          "attributes": {
            "arn": "arn:aws:ec2:us-west-2:345362761946:subnet/subnet-03337c2814e32efd6",
            "assign_ipv6_address_on_creation": false,
            "availability_zone": "us-west-2b",
            "availability_zone_id": "usw2-az1",
            "cidr_block": "10.30.51.0/24",
            "customer_owned_ipv4_pool": "",
            "enable_dns64": false,
            "enable_lni_at_device_index": 0,
            "enable_resource_name_dns_a_record_on_launch": false,
            "enable_resource_name_dns_aaaa_record_on_launch": false,
            "id": "subnet-03337c2814e32efd6",
            "ipv4_ipam_pool_id": null,
            "ipv4_netmask_length": null,
            "ipv6_cidr_block": "",
            "ipv6_cidr_block_association_id": "",
            "ipv6_ipam_pool_id": null,
            "ipv6_native": false,
            "ipv6_netmask_length": null,
            "map_customer_owned_ip_on_launch": false,
            "map_public_ip_on_launch": false,
            "outpost_arn": "",
            "owner_id": "345362761946",
            "private_dns_hostname_type_on_launch": "ip-name",
            "region": "us-west-2",
            "tags": {
              "Environment": "prod",
              "Name": "hub-cloud-prod-db-subnet-az2"
            },
            "tags_all": {
              "Environment": "prod",
              "Name": "hub-cloud-prod-db-subnet-az2"
            },
            "timeouts": null,
            "vpc_id": "vpc-000829fd7d9749e61"
          },
          "sensitive_attributes": [],
          "identity_schema_version": 0,
          "identity": {
            "account_id": "345362761946",
            "id": "subnet-03337c2814e32efd6",
            "region": "us-west-2"
          },
          "private": "eyJlMmJmYjczMC1lY2FhLTExZTYtOGY4OC0zNDM2M2JjN2M0YzAiOnsiY3JlYXRlIjo2MDAwMDAwMDAwMDAsImRlbGV0ZSI6MTIwMDAwMDAwMDAwMH0sInNjaGVtYV92ZXJzaW9uIjoiMSJ9",
          "dependencies": [
            "aws_vpc.environment_vpc"
          ]
        },
        {
          "index_key": "staging",
          "schema_version": 1,
          "attributes": {
            "arn": "arn:aws:ec2:us-west-2:345362761946:subnet/subnet-0383b19ea31a20012",
            "assign_ipv6_address_on_creation": false,
            "availability_zone": "us-west-2b",
            "availability_zone_id": "usw2-az1",
            "cidr_block": "10.20.51.0/24",
            "customer_owned_ipv4_pool": "",
            "enable_dns64": false,
            "enable_lni_at_device_index": 0,
            "enable_resource_name_dns_a_record_on_launch": false,
            "enable_resource_name_dns_aaaa_record_on_launch": false,
            "id": "subnet-0383b19ea31a20012",
            "ipv4_ipam_pool_id": null,
            "ipv4_netmask_length": null,
            "ipv6_cidr_block": "",
            "ipv6_cidr_block_association_id": "",
            "ipv6_ipam_pool_id": null,
            "ipv6_native": false,
            "ipv6_netmask_length": null,
            "map_customer_owned_ip_on_launch": false,
            "map_public_ip_on_launch": false,
            "outpost_arn": "",
            "owner_id": "345362761946",
            "private_dns_hostname_type_on_launch": "ip-name",
            "region": "us-west-2",
            "tags": {
              "Environment": "staging",
              "Name": "hub-cloud-staging-db-subnet-az2"
            },
            "tags_all": {
              "Environment": "staging",
              "Name": "hub-cloud-staging-db-subnet-az2"
            },
            "timeouts": null,
            "vpc_id": "vpc-084c60b9a696b333e"
          },
          "sensitive_attributes": [],
          "identity_schema_version": 0,
          "identity": {
            "account_id": "345362761946",
            "id": "subnet-0383b19ea31a20012",
            "region": "us-west-2"
          },
          "private": "eyJlMmJmYjczMC1lY2FhLTExZTYtOGY4OC0zNDM2M2JjN2M0YzAiOnsiY3JlYXRlIjo2MDAwMDAwMDAwMDAsImRlbGV0ZSI6MTIwMDAwMDAwMDAwMH0sInNjaGVtYV92ZXJzaW9uIjoiMSJ9",
          "dependencies": [
            "aws_vpc.environment_vpc"
          ]
        }
      ]
    },
    {
      "mode": "managed",
      "type": "aws_subnet",
      "name": "public",
      "provider": "provider[\"registry.terraform.io/hashicorp/aws\"]",
      "instances": [
        {
          "index_key": "dev",
          "schema_version": 1,
          "attributes": {
            "arn": "arn:aws:ec2:us-west-2:345362761946:subnet/subnet-0c608e9a102b44be4",
            "assign_ipv6_address_on_creation": false,
            "availability_zone": "us-west-2a",
            "availability_zone_id": "usw2-az2",
            "cidr_block": "10.10.10.0/24",
            "customer_owned_ipv4_pool": "",
            "enable_dns64": false,
            "enable_lni_at_device_index": 0,
            "enable_resource_name_dns_a_record_on_launch": false,
            "enable_resource_name_dns_aaaa_record_on_launch": false,
            "id": "subnet-0c608e9a102b44be4",
            "ipv4_ipam_pool_id": null,
            "ipv4_netmask_length": null,
            "ipv6_cidr_block": "",
            "ipv6_cidr_block_association_id": "",
            "ipv6_ipam_pool_id": null,
            "ipv6_native": false,
            "ipv6_netmask_length": null,
            "map_customer_owned_ip_on_launch": false,
            "map_public_ip_on_launch": true,
            "outpost_arn": "",
            "owner_id": "345362761946",
            "private_dns_hostname_type_on_launch": "ip-name",
            "region": "us-west-2",
            "tags": {
              "Environment": "dev",
              "Name": "hub-cloud-dev-public-app-subnet"
            },
            "tags_all": {
              "Environment": "dev",
              "Name": "hub-cloud-dev-public-app-subnet"
            },
            "timeouts": null,
            "vpc_id": "vpc-0f806833923ac732f"
          },
          "sensitive_attributes": [],
          "identity_schema_version": 0,
          "identity": {
            "account_id": "345362761946",
            "id": "subnet-0c608e9a102b44be4",
            "region": "us-west-2"
          },
          "private": "eyJlMmJmYjczMC1lY2FhLTExZTYtOGY4OC0zNDM2M2JjN2M0YzAiOnsiY3JlYXRlIjo2MDAwMDAwMDAwMDAsImRlbGV0ZSI6MTIwMDAwMDAwMDAwMH0sInNjaGVtYV92ZXJzaW9uIjoiMSJ9",
          "dependencies": [
            "aws_vpc.environment_vpc"
          ]
        },
        {
          "index_key": "prod",
          "schema_version": 1,
          "attributes": {
            "arn": "arn:aws:ec2:us-west-2:345362761946:subnet/subnet-03cd9b887876fc6dd",
            "assign_ipv6_address_on_creation": false,
            "availability_zone": "us-west-2a",
            "availability_zone_id": "usw2-az2",
            "cidr_block": "10.30.10.0/24",
            "customer_owned_ipv4_pool": "",
            "enable_dns64": false,
            "enable_lni_at_device_index": 0,
            "enable_resource_name_dns_a_record_on_launch": false,
            "enable_resource_name_dns_aaaa_record_on_launch": false,
            "id": "subnet-03cd9b887876fc6dd",
            "ipv4_ipam_pool_id": null,
            "ipv4_netmask_length": null,
            "ipv6_cidr_block": "",
            "ipv6_cidr_block_association_id": "",
            "ipv6_ipam_pool_id": null,
            "ipv6_native": false,
            "ipv6_netmask_length": null,
            "map_customer_owned_ip_on_launch": false,
            "map_public_ip_on_launch": true,
            "outpost_arn": "",
            "owner_id": "345362761946",
            "private_dns_hostname_type_on_launch": "ip-name",
            "region": "us-west-2",
            "tags": {
              "Environment": "prod",
              "Name": "hub-cloud-prod-public-app-subnet"
            },
            "tags_all": {
              "Environment": "prod",
              "Name": "hub-cloud-prod-public-app-subnet"
            },
            "timeouts": null,
            "vpc_id": "vpc-000829fd7d9749e61"
          },
          "sensitive_attributes": [],
          "identity_schema_version": 0,
          "identity": {
            "account_id": "345362761946",
            "id": "subnet-03cd9b887876fc6dd",
            "region": "us-west-2"
          },
          "private": "eyJlMmJmYjczMC1lY2FhLTExZTYtOGY4OC0zNDM2M2JjN2M0YzAiOnsiY3JlYXRlIjo2MDAwMDAwMDAwMDAsImRlbGV0ZSI6MTIwMDAwMDAwMDAwMH0sInNjaGVtYV92ZXJzaW9uIjoiMSJ9",
          "dependencies": [
            "aws_vpc.environment_vpc"
          ]
        },
        {
          "index_key": "staging",
          "schema_version": 1,
          "attributes": {
            "arn": "arn:aws:ec2:us-west-2:345362761946:subnet/subnet-03c9f9655c6d6ef16",
            "assign_ipv6_address_on_creation": false,
            "availability_zone": "us-west-2a",
            "availability_zone_id": "usw2-az2",
            "cidr_block": "10.20.10.0/24",
            "customer_owned_ipv4_pool": "",
            "enable_dns64": false,
            "enable_lni_at_device_index": 0,
            "enable_resource_name_dns_a_record_on_launch": false,
            "enable_resource_name_dns_aaaa_record_on_launch": false,
            "id": "subnet-03c9f9655c6d6ef16",
            "ipv4_ipam_pool_id": null,
            "ipv4_netmask_length": null,
            "ipv6_cidr_block": "",
            "ipv6_cidr_block_association_id": "",
            "ipv6_ipam_pool_id": null,
            "ipv6_native": false,
            "ipv6_netmask_length": null,
            "map_customer_owned_ip_on_launch": false,
            "map_public_ip_on_launch": true,
            "outpost_arn": "",
            "owner_id": "345362761946",
            "private_dns_hostname_type_on_launch": "ip-name",
            "region": "us-west-2",
            "tags": {
              "Environment": "staging",
              "Name": "hub-cloud-staging-public-app-subnet"
            },
            "tags_all": {
              "Environment": "staging",
              "Name": "hub-cloud-staging-public-app-subnet"
            },
            "timeouts": null,
            "vpc_id": "vpc-084c60b9a696b333e"
          },
          "sensitive_attributes": [],
          "identity_schema_version": 0,
          "identity": {
            "account_id": "345362761946",
            "id": "subnet-03c9f9655c6d6ef16",
            "region": "us-west-2"
          },
          "private": "eyJlMmJmYjczMC1lY2FhLTExZTYtOGY4OC0zNDM2M2JjN2M0YzAiOnsiY3JlYXRlIjo2MDAwMDAwMDAwMDAsImRlbGV0ZSI6MTIwMDAwMDAwMDAwMH0sInNjaGVtYV92ZXJzaW9uIjoiMSJ9",
          "dependencies": [
            "aws_vpc.environment_vpc"
          ]
        }
      ]
    },
    {
      "mode": "managed",
      "type": "aws_vpc",
      "name": "environment_vpc",
      "provider": "provider[\"registry.terraform.io/hashicorp/aws\"]",
      "instances": [
        {
          "index_key": "dev",
          "schema_version": 1,
          "attributes": {
            "arn": "arn:aws:ec2:us-west-2:345362761946:vpc/vpc-0f806833923ac732f",
            "assign_generated_ipv6_cidr_block": false,
            "cidr_block": "10.10.0.0/16",
            "default_network_acl_id": "acl-0ad5446fb82f8bb90",
            "default_route_table_id": "rtb-09efd96f5865a6c62",
            "default_security_group_id": "sg-00962a22e7ac9bdb8",
            "dhcp_options_id": "dopt-01849e37bf91f00b8",
            "enable_dns_hostnames": true,
            "enable_dns_support": true,
            "enable_network_address_usage_metrics": false,
            "id": "vpc-0f806833923ac732f",
            "instance_tenancy": "default",
            "ipv4_ipam_pool_id": null,
            "ipv4_netmask_length": null,
            "ipv6_association_id": "",
            "ipv6_cidr_block": "",
            "ipv6_cidr_block_network_border_group": "",
            "ipv6_ipam_pool_id": "",
            "ipv6_netmask_length": 0,
            "main_route_table_id": "rtb-09efd96f5865a6c62",
            "owner_id": "345362761946",
            "region": "us-west-2",
            "tags": {
              "Environment": "dev",
              "Name": "hub-cloud-dev-vpc"
            },
            "tags_all": {
              "Environment": "dev",
              "Name": "hub-cloud-dev-vpc"
            }
          },
          "sensitive_attributes": [],
          "identity_schema_version": 0,
          "identity": {
            "account_id": "345362761946",
            "id": "vpc-0f806833923ac732f",
            "region": "us-west-2"
          },
          "private": "eyJzY2hlbWFfdmVyc2lvbiI6IjEifQ=="
        },
        {
          "index_key": "prod",
          "schema_version": 1,
          "attributes": {
            "arn": "arn:aws:ec2:us-west-2:345362761946:vpc/vpc-000829fd7d9749e61",
            "assign_generated_ipv6_cidr_block": false,
            "cidr_block": "10.30.0.0/16",
            "default_network_acl_id": "acl-01699f8640c2edf4a",
            "default_route_table_id": "rtb-01bc9e00df8fa2df3",
            "default_security_group_id": "sg-05ad106a570fe1687",
            "dhcp_options_id": "dopt-01849e37bf91f00b8",
            "enable_dns_hostnames": true,
            "enable_dns_support": true,
            "enable_network_address_usage_metrics": false,
            "id": "vpc-000829fd7d9749e61",
            "instance_tenancy": "default",
            "ipv4_ipam_pool_id": null,
            "ipv4_netmask_length": null,
            "ipv6_association_id": "",
            "ipv6_cidr_block": "",
            "ipv6_cidr_block_network_border_group": "",
            "ipv6_ipam_pool_id": "",
            "ipv6_netmask_length": 0,
            "main_route_table_id": "rtb-01bc9e00df8fa2df3",
            "owner_id": "345362761946",
            "region": "us-west-2",
            "tags": {
              "Environment": "prod",
              "Name": "hub-cloud-prod-vpc"
            },
            "tags_all": {
              "Environment": "prod",
              "Name": "hub-cloud-prod-vpc"
            }
          },
          "sensitive_attributes": [],
          "identity_schema_version": 0,
          "identity": {
            "account_id": "345362761946",
            "id": "vpc-000829fd7d9749e61",
            "region": "us-west-2"
          },
          "private": "eyJzY2hlbWFfdmVyc2lvbiI6IjEifQ=="
        },
        {
          "index_key": "staging",
          "schema_version": 1,
          "attributes": {
            "arn": "arn:aws:ec2:us-west-2:345362761946:vpc/vpc-084c60b9a696b333e",
            "assign_generated_ipv6_cidr_block": false,
            "cidr_block": "10.20.0.0/16",
            "default_network_acl_id": "acl-0bc3c7f6af19a2a14",
            "default_route_table_id": "rtb-03d2d58ca3a012539",
            "default_security_group_id": "sg-00d78514388a5e1c1",
            "dhcp_options_id": "dopt-01849e37bf91f00b8",
            "enable_dns_hostnames": true,
            "enable_dns_support": true,
            "enable_network_address_usage_metrics": false,
            "id": "vpc-084c60b9a696b333e",
            "instance_tenancy": "default",
            "ipv4_ipam_pool_id": null,
            "ipv4_netmask_length": null,
            "ipv6_association_id": "",
            "ipv6_cidr_block": "",
            "ipv6_cidr_block_network_border_group": "",
            "ipv6_ipam_pool_id": "",
            "ipv6_netmask_length": 0,
            "main_route_table_id": "rtb-03d2d58ca3a012539",
            "owner_id": "345362761946",
            "region": "us-west-2",
            "tags": {
              "Environment": "staging",
              "Name": "hub-cloud-staging-vpc"
            },
            "tags_all": {
              "Environment": "staging",
              "Name": "hub-cloud-staging-vpc"
            }
          },
          "sensitive_attributes": [],
          "identity_schema_version": 0,
          "identity": {
            "account_id": "345362761946",
            "id": "vpc-084c60b9a696b333e",
            "region": "us-west-2"
          },
          "private": "eyJzY2hlbWFfdmVyc2lvbiI6IjEifQ=="
        }
      ]
    },
    {
      "mode": "managed",
      "type": "random_password",
      "name": "db_master_password",
      "provider": "provider[\"registry.terraform.io/hashicorp/random\"]",
      "instances": [
        {
          "schema_version": 3,
          "attributes": {
            "bcrypt_hash": "$2a$10$g6B.Zzt30fjVIpoywJQ0ZOTidt2FUtaj3kXmAE6ZCYiWjvkCWhPM.",
            "id": "none",
            "keepers": null,
            "length": 16,
            "lower": true,
            "min_lower": 0,
            "min_numeric": 0,
            "min_special": 0,
            "min_upper": 0,
            "number": true,
            "numeric": true,
            "override_special": "!#$%\u0026*()-_=+[]{}\u003c\u003e:?",
            "result": "ZlhvOiR$6MSEuo\u0026m",
            "special": true,
            "upper": true
          },
          "sensitive_attributes": [
            [
              {
                "type": "get_attr",
                "value": "bcrypt_hash"
              }
            ],
            [
              {
                "type": "get_attr",
                "value": "result"
              }
            ]
          ],
          "identity_schema_version": 0
        }
      ]
    },
    {
      "mode": "managed",
      "type": "tls_private_key",
      "name": "developer_key",
      "provider": "provider[\"registry.terraform.io/hashicorp/tls\"]",
      "instances": [
        {
          "schema_version": 1,
          "attributes": {
            "algorithm": "RSA",
            "ecdsa_curve": "P224",
            "id": "4e710fc4c8aa6cce902ba2080d8cdfb277fc6f19",
            "private_key_openssh": "-----BEGIN OPENSSH PRIVATE KEY-----\nb3BlbnNzaC1rZXktdjEAAAAABG5vbmUAAAAEbm9uZQAAAAAAAAABAAACFwAAAAdz\nc2gtcnNhAAAAAwEAAQAAAgEAy5ZMg59qeKQ8F2mWLABNUo7ND47JUgx7dBmqotQn\nsT065/NAegGwnRmBlIuJdsxxZerV6NwP/HGS7Zb7pbY1Ofs5fUziVAjzxZowr6G6\nfHINxZNgLXkJZDTmSzEpjaNJaTpZ3VrjlLl4dRWD0yK5zzsQez1BZd+CInkKOkG3\nkbh8bTVYzyj6Dj7VtuGHcBNLHh6qGakVKf1adn+n518Hf5giaOe+M4/jplF9yFET\nIf4mYiV1rO0rz27kR3D3/16LPBXaFaNcl6F8kxcv6/wcM3i2DIP6Qd93nlKF95iM\nhjvg4X1UQFrb6obv26hl23n5ejQjLy8UJPcjdVVKA67w0sIyJ3qtWZRYfLESsvq2\noFRcY0VKgQh59WD2bJsleXIGmcESyN34KscbQJirmynplX88JrqP1rnZbwkGxHok\nUhPIiJI7srrUBIlMQwPpYyBRlpuMFhM01zFIFGPUzRbQCvNntVWinEjMpAjY2f0y\n8Ah5raixvO4Oglnj6IwXTKOq3OsDiomCEJoWIHcKc45cAs2xQbUd95xjLaeEXcIa\nb9dAHo/NlMzWjKbkbhFntSfWjuXd3SvHuGRQ0fXUS/WxATcbmAXEFvnjvNZL8v2y\nQ1erLian7hp0qhqC6VVcyRK1/9jOot7luOKx1p0WknwA1O8BxaH3qfdM8f8Yd3rc\n/BcAAAc4Gi6EWBouhFgAAAAHc3NoLXJzYQAAAgEAy5ZMg59qeKQ8F2mWLABNUo7N\nD47JUgx7dBmqotQnsT065/NAegGwnRmBlIuJdsxxZerV6NwP/HGS7Zb7pbY1Ofs5\nfUziVAjzxZowr6G6fHINxZNgLXkJZDTmSzEpjaNJaTpZ3VrjlLl4dRWD0yK5zzsQ\nez1BZd+CInkKOkG3kbh8bTVYzyj6Dj7VtuGHcBNLHh6qGakVKf1adn+n518Hf5gi\naOe+M4/jplF9yFETIf4mYiV1rO0rz27kR3D3/16LPBXaFaNcl6F8kxcv6/wcM3i2\nDIP6Qd93nlKF95iMhjvg4X1UQFrb6obv26hl23n5ejQjLy8UJPcjdVVKA67w0sIy\nJ3qtWZRYfLESsvq2oFRcY0VKgQh59WD2bJsleXIGmcESyN34KscbQJirmynplX88\nJrqP1rnZbwkGxHokUhPIiJI7srrUBIlMQwPpYyBRlpuMFhM01zFIFGPUzRbQCvNn\ntVWinEjMpAjY2f0y8Ah5raixvO4Oglnj6IwXTKOq3OsDiomCEJoWIHcKc45cAs2x\nQbUd95xjLaeEXcIab9dAHo/NlMzWjKbkbhFntSfWjuXd3SvHuGRQ0fXUS/WxATcb\nmAXEFvnjvNZL8v2yQ1erLian7hp0qhqC6VVcyRK1/9jOot7luOKx1p0WknwA1O8B\nxaH3qfdM8f8Yd3rc/BcAAAADAQABAAACAFMgfgJ6a6dx6+VlY/94ahoNG9a/5xz8\n4sWfm0hcFw7sIOrHrKqEmSA0Y3ALX6glxyGltw0bGd3qY+NmND9P/EC9/xXV+E32\nz8597GYyQ6p/iXcEe49lrfuADA5ktwJRy25PeJUFAQrfhjtMeySRN8xRYiPn+ZWG\noyS/RnlODw3NheSzlR0VLrD1YB8JzFrrTc8xFyReITmhbLgY3K6A41dqf5ZVFZkJ\nJhtph9HspMLK+tI1WGyw9KQAs+4lxuU7Ld/tTjxqlSqGsg5/N76EFOHBZpgKpXsT\nK0z2hiP4YlyHA4YevfF/B++lhDes9VYd4ktPEZS5BOEpFg3ZMtz5J/QzsAhkt5aC\n/ydZHaA2p+pkmq84Uj3idkhbogMI6j1RpprOPDmJg/LLENK2DpJOkcd5x5oAu1+g\nr7Xl/jIDqKj5jjyBvkGfFHPLwUJSLeVbF1JabAeL8koOQj5LL/Sbk43vBUyoq/fD\nlVWeb9OKaKbwbYbhqIyK4k7FYNeTn9AM2dwfaqjdunQoK29uv/aDM3Qx4Z/1kD4j\n5811lhse9how7ppZa3KQD1k1nAcbW5EaAHAJfGs3rCJduJfwqHFgOpQ70GZffpn8\na9+GfQh9reLYo0u3md+bLGELkwB25JEwFCcg0LaCQAE2ma26hadFb7+YQQ01HXqP\n3NeYKA+4Z02xAAABAQCtlnoOP4MHN3qtcuR3EiqQZWYDirVdUsFQJhrZtBEWH70Z\nB9qWiAPzpo/icht0z+b/2g7Uu30bStvDL4BNZYBefeXto5+gw8P/Z+5N9Nai4rTG\nFgXQwt6H/KuaAFBfr5syltvIUTO7rmGFP0RvPzHqNYDFlDHqaEFc4Q3OEEnWgDV/\nJmKWXYPcfKnRnwHqjWBdRGHSNIUZghsGWSWAnG3wCRKNwX0h7o3KHCzG1nu6ZIqu\nxfvTWf7ZrNl3KKk4isnQy1IWLY4dJ7PmrsRAug9E0IOSizZqRzUEbKoSPkYGmNDb\nkb4Q/QBxUxDvlb1dZ+FjcnlNed5SKMN1oPHZn8xpAAABAQDWVa5pFHjsFdxB+bT0\no5gHdW5Hcy4Y/m7INjfOkrlHi7vRzu3LFZIfpenOHI2tJlNM7zntk2bR/lQm/nJo\ndevMQDU7olPh9AgkJ9npkKshbCic+pkbPJIohV1yzYQIwRGcpCt2QLCfcD4HK8td\n4c7yw1/X/oxDg2Hsvx7M5ZOt9H1EeQ+6VC0aWfaLbHHRkjbEllSTeSjPr1ud/eE4\nL8MT9gfAQeQLcotqVWTqANGe5wVGyPdswn9nynZ+zhhCbluo7jNcpTf20xhPOHs9\nTEQmyEGWNOTFIeHZjjDfEP9w8NaJ//JUtPCAutwrvCRVu1g8ZZVLyeiyNQerGhwd\nSRpxAAABAQDzKcQqN52VmBPxyKI4EZPr3c7h8LFgPlpuzo85Zr8TjdkBKMZNW191\nokajl0gGTWMLDWi0k+1WvrhFs8UiRx2/WTzXpryJDy37aRu378k9YljqqUCLrSbm\nDzC2PR1FyuIHaR87n5VTkNw75Qg13IM+PePJKEPxl4rx54mo7cX7udZHm6AVC+se\nHs9MTw4cQ6Oy/M1jJ5KyB/ET0YfLFnIg1GqCcKZ9hAqGtnQIvS5Im93sgpZVCEsL\ngbTR/Ekm433uX7s7DRxaePQjYr9HmxAklkqcU1cLCcHvdPFO8+SQx/7znA4FaNMm\nI/UvGG5+N8cZDb23abBJJo69yQ/gBPMHAAAAAAEC\n-----END OPENSSH PRIVATE KEY-----\n",
            "private_key_pem": "-----BEGIN RSA PRIVATE KEY-----\nMIIJKQIBAAKCAgEAy5ZMg59qeKQ8F2mWLABNUo7ND47JUgx7dBmqotQnsT065/NA\negGwnRmBlIuJdsxxZerV6NwP/HGS7Zb7pbY1Ofs5fUziVAjzxZowr6G6fHINxZNg\nLXkJZDTmSzEpjaNJaTpZ3VrjlLl4dRWD0yK5zzsQez1BZd+CInkKOkG3kbh8bTVY\nzyj6Dj7VtuGHcBNLHh6qGakVKf1adn+n518Hf5giaOe+M4/jplF9yFETIf4mYiV1\nrO0rz27kR3D3/16LPBXaFaNcl6F8kxcv6/wcM3i2DIP6Qd93nlKF95iMhjvg4X1U\nQFrb6obv26hl23n5ejQjLy8UJPcjdVVKA67w0sIyJ3qtWZRYfLESsvq2oFRcY0VK\ngQh59WD2bJsleXIGmcESyN34KscbQJirmynplX88JrqP1rnZbwkGxHokUhPIiJI7\nsrrUBIlMQwPpYyBRlpuMFhM01zFIFGPUzRbQCvNntVWinEjMpAjY2f0y8Ah5raix\nvO4Oglnj6IwXTKOq3OsDiomCEJoWIHcKc45cAs2xQbUd95xjLaeEXcIab9dAHo/N\nlMzWjKbkbhFntSfWjuXd3SvHuGRQ0fXUS/WxATcbmAXEFvnjvNZL8v2yQ1erLian\n7hp0qhqC6VVcyRK1/9jOot7luOKx1p0WknwA1O8BxaH3qfdM8f8Yd3rc/BcCAwEA\nAQKCAgBTIH4CemuncevlZWP/eGoaDRvWv+cc/OLFn5tIXBcO7CDqx6yqhJkgNGNw\nC1+oJcchpbcNGxnd6mPjZjQ/T/xAvf8V1fhN9s/OfexmMkOqf4l3BHuPZa37gAwO\nZLcCUctuT3iVBQEK34Y7THskkTfMUWIj5/mVhqMkv0Z5Tg8NzYXks5UdFS6w9WAf\nCcxa603PMRckXiE5oWy4GNyugONXan+WVRWZCSYbaYfR7KTCyvrSNVhssPSkALPu\nJcblOy3f7U48apUqhrIOfze+hBThwWaYCqV7EytM9oYj+GJchwOGHr3xfwfvpYQ3\nrPVWHeJLTxGUuQThKRYN2TLc+Sf0M7AIZLeWgv8nWR2gNqfqZJqvOFI94nZIW6ID\nCOo9Uaaazjw5iYPyyxDStg6STpHHeceaALtfoK+15f4yA6io+Y48gb5BnxRzy8FC\nUi3lWxdSWmwHi/JKDkI+Sy/0m5ON7wVMqKv3w5VVnm/Timim8G2G4aiMiuJOxWDX\nk5/QDNncH2qo3bp0KCtvbr/2gzN0MeGf9ZA+I+fNdZYbHvYaMO6aWWtykA9ZNZwH\nG1uRGgBwCXxrN6wiXbiX8KhxYDqUO9BmX36Z/Gvfhn0Ifa3i2KNLt5nfmyxhC5MA\nduSRMBQnINC2gkABNpmtuoWnRW+/mEENNR16j9zXmCgPuGdNsQKCAQEA1lWuaRR4\n7BXcQfm09KOYB3VuR3MuGP5uyDY3zpK5R4u70c7tyxWSH6XpzhyNrSZTTO857ZNm\n0f5UJv5yaHXrzEA1O6JT4fQIJCfZ6ZCrIWwonPqZGzySKIVdcs2ECMERnKQrdkCw\nn3A+ByvLXeHO8sNf1/6MQ4Nh7L8ezOWTrfR9RHkPulQtGln2i2xx0ZI2xJZUk3ko\nz69bnf3hOC/DE/YHwEHkC3KLalVk6gDRnucFRsj3bMJ/Z8p2fs4YQm5bqO4zXKU3\n9tMYTzh7PUxEJshBljTkxSHh2Y4w3xD/cPDWif/yVLTwgLrcK7wkVbtYPGWVS8no\nsjUHqxocHUkacQKCAQEA8ynEKjedlZgT8ciiOBGT693O4fCxYD5abs6POWa/E43Z\nASjGTVtfdaJGo5dIBk1jCw1otJPtVr64RbPFIkcdv1k816a8iQ8t+2kbt+/JPWJY\n6qlAi60m5g8wtj0dRcriB2kfO5+VU5DcO+UINdyDPj3jyShD8ZeK8eeJqO3F+7nW\nR5ugFQvrHh7PTE8OHEOjsvzNYyeSsgfxE9GHyxZyINRqgnCmfYQKhrZ0CL0uSJvd\n7IKWVQhLC4G00fxJJuN97l+7Ow0cWnj0I2K/R5sQJJZKnFNXCwnB73TxTvPkkMf+\n85wOBWjTJiP1LxhufjfHGQ29t2mwSSaOvckP4ATzBwKCAQEAxkKveIf1avy1p1mi\nZ4FESfH4NqN2iqwgMZblfHIAbQv2ipcNI4QqjJfedEe5Tedbupi3TunAfJLzqLZJ\nghNCMMdb9nOrgCFJvpgWXJTzl5EC6GJuaeFXmZ/z1xQABFEDR5Acm+AvAOzEk8GQ\n9qC/25OZ/qR5fqHzXRlVFlduicTUcxhA0iy3I97/zexcRG0puCMOzPOQKryc1MJZ\nKK4Vl0tH1DGfDm/AQnYHSOXFAWXVXarcJICtdYa0oYtmqVyH8PWWESbLY8fUfsNS\nTFtV10H6WUVIMIms7p822cBRaVl+OlzE/lH4/jrbGqGIQr1vWz7kIRz94IppM36N\nbxGGIQKCAQA699T3e/c+MNwdVU9pk3Gw0GB8UFdjhJt/pZ38CJurzUljy5STa+Yx\na8H/qA8yYA/1vTG4IOt8jtG3LYpP7rkbDzP/BBNSlZjMEEhFiePee/weJB9gAASf\n4+0nNJjltPatX2PQnLmkw0t1Rux/y1MUhAO6Y4ZejyaF1WV/zvGlQwLg6K+givxg\nmI4i7kT4u7p2DHJuaklb3SssaDKrIG1a4shVi6YEaEH5O0PWXrJbr1jZIy37vwAb\n8T99cNX4lVCTvylzf5Fxq0VhU3AZmFQI212KnXdNWPdr74sZX3H9XlLIlv6bdzlF\nVZD+88jP2QzyWW+5i+rRQoV5JsovxGN/AoIBAQCtlnoOP4MHN3qtcuR3EiqQZWYD\nirVdUsFQJhrZtBEWH70ZB9qWiAPzpo/icht0z+b/2g7Uu30bStvDL4BNZYBefeXt\no5+gw8P/Z+5N9Nai4rTGFgXQwt6H/KuaAFBfr5syltvIUTO7rmGFP0RvPzHqNYDF\nlDHqaEFc4Q3OEEnWgDV/JmKWXYPcfKnRnwHqjWBdRGHSNIUZghsGWSWAnG3wCRKN\nwX0h7o3KHCzG1nu6ZIquxfvTWf7ZrNl3KKk4isnQy1IWLY4dJ7PmrsRAug9E0IOS\nizZqRzUEbKoSPkYGmNDbkb4Q/QBxUxDvlb1dZ+FjcnlNed5SKMN1oPHZn8xp\n-----END RSA PRIVATE KEY-----\n",
            "private_key_pem_pkcs8": "-----BEGIN PRIVATE KEY-----\nMIIJQwIBADANBgkqhkiG9w0BAQEFAASCCS0wggkpAgEAAoICAQDLlkyDn2p4pDwX\naZYsAE1Sjs0PjslSDHt0Gaqi1CexPTrn80B6AbCdGYGUi4l2zHFl6tXo3A/8cZLt\nlvultjU5+zl9TOJUCPPFmjCvobp8cg3Fk2AteQlkNOZLMSmNo0lpOlndWuOUuXh1\nFYPTIrnPOxB7PUFl34IieQo6QbeRuHxtNVjPKPoOPtW24YdwE0seHqoZqRUp/Vp2\nf6fnXwd/mCJo574zj+OmUX3IURMh/iZiJXWs7SvPbuRHcPf/Xos8FdoVo1yXoXyT\nFy/r/BwzeLYMg/pB33eeUoX3mIyGO+DhfVRAWtvqhu/bqGXbefl6NCMvLxQk9yN1\nVUoDrvDSwjIneq1ZlFh8sRKy+ragVFxjRUqBCHn1YPZsmyV5cgaZwRLI3fgqxxtA\nmKubKemVfzwmuo/WudlvCQbEeiRSE8iIkjuyutQEiUxDA+ljIFGWm4wWEzTXMUgU\nY9TNFtAK82e1VaKcSMykCNjZ/TLwCHmtqLG87g6CWePojBdMo6rc6wOKiYIQmhYg\ndwpzjlwCzbFBtR33nGMtp4Rdwhpv10Aej82UzNaMpuRuEWe1J9aO5d3dK8e4ZFDR\n9dRL9bEBNxuYBcQW+eO81kvy/bJDV6suJqfuGnSqGoLpVVzJErX/2M6i3uW44rHW\nnRaSfADU7wHFofep90zx/xh3etz8FwIDAQABAoICAFMgfgJ6a6dx6+VlY/94ahoN\nG9a/5xz84sWfm0hcFw7sIOrHrKqEmSA0Y3ALX6glxyGltw0bGd3qY+NmND9P/EC9\n/xXV+E32z8597GYyQ6p/iXcEe49lrfuADA5ktwJRy25PeJUFAQrfhjtMeySRN8xR\nYiPn+ZWGoyS/RnlODw3NheSzlR0VLrD1YB8JzFrrTc8xFyReITmhbLgY3K6A41dq\nf5ZVFZkJJhtph9HspMLK+tI1WGyw9KQAs+4lxuU7Ld/tTjxqlSqGsg5/N76EFOHB\nZpgKpXsTK0z2hiP4YlyHA4YevfF/B++lhDes9VYd4ktPEZS5BOEpFg3ZMtz5J/Qz\nsAhkt5aC/ydZHaA2p+pkmq84Uj3idkhbogMI6j1RpprOPDmJg/LLENK2DpJOkcd5\nx5oAu1+gr7Xl/jIDqKj5jjyBvkGfFHPLwUJSLeVbF1JabAeL8koOQj5LL/Sbk43v\nBUyoq/fDlVWeb9OKaKbwbYbhqIyK4k7FYNeTn9AM2dwfaqjdunQoK29uv/aDM3Qx\n4Z/1kD4j5811lhse9how7ppZa3KQD1k1nAcbW5EaAHAJfGs3rCJduJfwqHFgOpQ7\n0GZffpn8a9+GfQh9reLYo0u3md+bLGELkwB25JEwFCcg0LaCQAE2ma26hadFb7+Y\nQQ01HXqP3NeYKA+4Z02xAoIBAQDWVa5pFHjsFdxB+bT0o5gHdW5Hcy4Y/m7INjfO\nkrlHi7vRzu3LFZIfpenOHI2tJlNM7zntk2bR/lQm/nJodevMQDU7olPh9AgkJ9np\nkKshbCic+pkbPJIohV1yzYQIwRGcpCt2QLCfcD4HK8td4c7yw1/X/oxDg2Hsvx7M\n5ZOt9H1EeQ+6VC0aWfaLbHHRkjbEllSTeSjPr1ud/eE4L8MT9gfAQeQLcotqVWTq\nANGe5wVGyPdswn9nynZ+zhhCbluo7jNcpTf20xhPOHs9TEQmyEGWNOTFIeHZjjDf\nEP9w8NaJ//JUtPCAutwrvCRVu1g8ZZVLyeiyNQerGhwdSRpxAoIBAQDzKcQqN52V\nmBPxyKI4EZPr3c7h8LFgPlpuzo85Zr8TjdkBKMZNW191okajl0gGTWMLDWi0k+1W\nvrhFs8UiRx2/WTzXpryJDy37aRu378k9YljqqUCLrSbmDzC2PR1FyuIHaR87n5VT\nkNw75Qg13IM+PePJKEPxl4rx54mo7cX7udZHm6AVC+seHs9MTw4cQ6Oy/M1jJ5Ky\nB/ET0YfLFnIg1GqCcKZ9hAqGtnQIvS5Im93sgpZVCEsLgbTR/Ekm433uX7s7DRxa\nePQjYr9HmxAklkqcU1cLCcHvdPFO8+SQx/7znA4FaNMmI/UvGG5+N8cZDb23abBJ\nJo69yQ/gBPMHAoIBAQDGQq94h/Vq/LWnWaJngURJ8fg2o3aKrCAxluV8cgBtC/aK\nlw0jhCqMl950R7lN51u6mLdO6cB8kvOotkmCE0Iwx1v2c6uAIUm+mBZclPOXkQLo\nYm5p4VeZn/PXFAAEUQNHkByb4C8A7MSTwZD2oL/bk5n+pHl+ofNdGVUWV26JxNRz\nGEDSLLcj3v/N7FxEbSm4Iw7M85AqvJzUwlkorhWXS0fUMZ8Ob8BCdgdI5cUBZdVd\nqtwkgK11hrShi2apXIfw9ZYRJstjx9R+w1JMW1XXQfpZRUgwiazunzbZwFFpWX46\nXMT+Ufj+OtsaoYhCvW9bPuQhHP3gimkzfo1vEYYhAoIBADr31Pd79z4w3B1VT2mT\ncbDQYHxQV2OEm3+lnfwIm6vNSWPLlJNr5jFrwf+oDzJgD/W9Mbgg63yO0bctik/u\nuRsPM/8EE1KVmMwQSEWJ4957/B4kH2AABJ/j7Sc0mOW09q1fY9CcuaTDS3VG7H/L\nUxSEA7pjhl6PJoXVZX/O8aVDAuDor6CK/GCYjiLuRPi7unYMcm5qSVvdKyxoMqsg\nbVriyFWLpgRoQfk7Q9ZesluvWNkjLfu/ABvxP31w1fiVUJO/KXN/kXGrRWFTcBmY\nVAjbXYqdd01Y92vvixlfcf1eUsiW/pt3OUVVkP7zyM/ZDPJZb7mL6tFChXkmyi/E\nY38CggEBAK2Weg4/gwc3eq1y5HcSKpBlZgOKtV1SwVAmGtm0ERYfvRkH2paIA/Om\nj+JyG3TP5v/aDtS7fRtK28MvgE1lgF595e2jn6DDw/9n7k301qLitMYWBdDC3of8\nq5oAUF+vmzKW28hRM7uuYYU/RG8/Meo1gMWUMepoQVzhDc4QSdaANX8mYpZdg9x8\nqdGfAeqNYF1EYdI0hRmCGwZZJYCcbfAJEo3BfSHujcocLMbWe7pkiq7F+9NZ/tms\n2XcoqTiKydDLUhYtjh0ns+auxEC6D0TQg5KLNmpHNQRsqhI+RgaY0NuRvhD9AHFT\nEO+VvV1n4WNyeU153lIow3Wg8dmfzGk=\n-----END PRIVATE KEY-----\n",
            "public_key_fingerprint_md5": "32:4b:e8:10:0d:a0:fd:bf:c5:08:c7:36:cd:65:9d:13",
            "public_key_fingerprint_sha256": "SHA256:lwg+Nu552839iGgbY79WfEQb6Heluss7N+7fjxc+Bg8",
            "public_key_openssh": "ssh-rsa AAAAB3NzaC1yc2EAAAADAQABAAACAQDLlkyDn2p4pDwXaZYsAE1Sjs0PjslSDHt0Gaqi1CexPTrn80B6AbCdGYGUi4l2zHFl6tXo3A/8cZLtlvultjU5+zl9TOJUCPPFmjCvobp8cg3Fk2AteQlkNOZLMSmNo0lpOlndWuOUuXh1FYPTIrnPOxB7PUFl34IieQo6QbeRuHxtNVjPKPoOPtW24YdwE0seHqoZqRUp/Vp2f6fnXwd/mCJo574zj+OmUX3IURMh/iZiJXWs7SvPbuRHcPf/Xos8FdoVo1yXoXyTFy/r/BwzeLYMg/pB33eeUoX3mIyGO+DhfVRAWtvqhu/bqGXbefl6NCMvLxQk9yN1VUoDrvDSwjIneq1ZlFh8sRKy+ragVFxjRUqBCHn1YPZsmyV5cgaZwRLI3fgqxxtAmKubKemVfzwmuo/WudlvCQbEeiRSE8iIkjuyutQEiUxDA+ljIFGWm4wWEzTXMUgUY9TNFtAK82e1VaKcSMykCNjZ/TLwCHmtqLG87g6CWePojBdMo6rc6wOKiYIQmhYgdwpzjlwCzbFBtR33nGMtp4Rdwhpv10Aej82UzNaMpuRuEWe1J9aO5d3dK8e4ZFDR9dRL9bEBNxuYBcQW+eO81kvy/bJDV6suJqfuGnSqGoLpVVzJErX/2M6i3uW44rHWnRaSfADU7wHFofep90zx/xh3etz8Fw==\n",
            "public_key_pem": "-----BEGIN PUBLIC KEY-----\nMIICIjANBgkqhkiG9w0BAQEFAAOCAg8AMIICCgKCAgEAy5ZMg59qeKQ8F2mWLABN\nUo7ND47JUgx7dBmqotQnsT065/NAegGwnRmBlIuJdsxxZerV6NwP/HGS7Zb7pbY1\nOfs5fUziVAjzxZowr6G6fHINxZNgLXkJZDTmSzEpjaNJaTpZ3VrjlLl4dRWD0yK5\nzzsQez1BZd+CInkKOkG3kbh8bTVYzyj6Dj7VtuGHcBNLHh6qGakVKf1adn+n518H\nf5giaOe+M4/jplF9yFETIf4mYiV1rO0rz27kR3D3/16LPBXaFaNcl6F8kxcv6/wc\nM3i2DIP6Qd93nlKF95iMhjvg4X1UQFrb6obv26hl23n5ejQjLy8UJPcjdVVKA67w\n0sIyJ3qtWZRYfLESsvq2oFRcY0VKgQh59WD2bJsleXIGmcESyN34KscbQJirmynp\nlX88JrqP1rnZbwkGxHokUhPIiJI7srrUBIlMQwPpYyBRlpuMFhM01zFIFGPUzRbQ\nCvNntVWinEjMpAjY2f0y8Ah5raixvO4Oglnj6IwXTKOq3OsDiomCEJoWIHcKc45c\nAs2xQbUd95xjLaeEXcIab9dAHo/NlMzWjKbkbhFntSfWjuXd3SvHuGRQ0fXUS/Wx\nATcbmAXEFvnjvNZL8v2yQ1erLian7hp0qhqC6VVcyRK1/9jOot7luOKx1p0WknwA\n1O8BxaH3qfdM8f8Yd3rc/BcCAwEAAQ==\n-----END PUBLIC KEY-----\n",
            "rsa_bits": 4096
          },
          "sensitive_attributes": [
            [
              {
                "type": "get_attr",
                "value": "private_key_openssh"
              }
            ],
            [
              {
                "type": "get_attr",
                "value": "private_key_pem"
              }
            ],
            [
              {
                "type": "get_attr",
                "value": "private_key_pem_pkcs8"
              }
            ]
          ],
          "identity_schema_version": 0
        }
      ]
    },
    {
      "module": "module.db_development",
      "mode": "managed",
      "type": "aws_db_instance",
      "name": "this",
      "provider": "provider[\"registry.terraform.io/hashicorp/aws\"]",
      "instances": [
        {
          "schema_version": 2,
          "attributes": {
            "address": "hub-cloud-dev-rds.c5gy6gi8ib0s.us-west-2.rds.amazonaws.com",
            "allocated_storage": 20,
            "allow_major_version_upgrade": true,
            "apply_immediately": true,
            "arn": "arn:aws:rds:us-west-2:345362761946:db:hub-cloud-dev-rds",
            "auto_minor_version_upgrade": true,
            "availability_zone": "us-west-2a",
            "backup_retention_period": 0,
            "backup_target": "region",
            "backup_window": "11:43-12:13",
            "blue_green_update": [],
            "ca_cert_identifier": "rds-ca-rsa2048-g1",
            "character_set_name": "",
            "copy_tags_to_snapshot": false,
            "custom_iam_instance_profile": "",
            "customer_owned_ip_enabled": false,
            "database_insights_mode": "standard",
            "db_name": "",
            "db_subnet_group_name": "hub-cloud-dev-rds-subnet-group",
            "dedicated_log_volume": false,
            "delete_automated_backups": true,
            "deletion_protection": false,
            "domain": "",
            "domain_auth_secret_arn": "",
            "domain_dns_ips": [],
            "domain_fqdn": "",
            "domain_iam_role_name": "",
            "domain_ou": "",
            "enabled_cloudwatch_logs_exports": [],
            "endpoint": "hub-cloud-dev-rds.c5gy6gi8ib0s.us-west-2.rds.amazonaws.com:3306",
            "engine": "mysql",
            "engine_lifecycle_support": "open-source-rds-extended-support",
            "engine_version": "8.4.10",
            "engine_version_actual": "8.4.10",
            "final_snapshot_identifier": null,
            "hosted_zone_id": "Z1PVIF0B656C1W",
            "iam_database_authentication_enabled": false,
            "id": "db-5VWDAOGZJ5VRLCV74ZD6THHS7Q",
            "identifier": "hub-cloud-dev-rds",
            "identifier_prefix": "",
            "instance_class": "db.t4g.small",
            "iops": 0,
            "kms_key_id": "",
            "latest_restorable_time": "",
            "license_model": "general-public-license",
            "listener_endpoint": [],
            "maintenance_window": "sat:08:30-sat:09:00",
            "manage_master_user_password": null,
            "master_user_secret": [],
            "master_user_secret_kms_key_id": null,
            "max_allocated_storage": 0,
            "monitoring_interval": 0,
            "monitoring_role_arn": "",
            "multi_az": false,
            "nchar_character_set_name": "",
            "network_type": "IPV4",
            "option_group_name": "default:mysql-8-4",
            "parameter_group_name": "default.mysql8.4",
            "password": "4]ys3V$8QeLXVmbw",
            "password_wo": null,
            "password_wo_version": null,
            "performance_insights_enabled": false,
            "performance_insights_kms_key_id": "",
            "performance_insights_retention_period": 0,
            "port": 3306,
            "publicly_accessible": false,
            "region": "us-west-2",
            "replica_mode": "",
            "replicas": [],
            "replicate_source_db": "",
            "resource_id": "db-5VWDAOGZJ5VRLCV74ZD6THHS7Q",
            "restore_to_point_in_time": [],
            "s3_import": [],
            "skip_final_snapshot": true,
            "snapshot_identifier": null,
            "status": "available",
            "storage_encrypted": false,
            "storage_throughput": 0,
            "storage_type": "gp2",
            "tags": {
              "Environment": "dev",
              "ManagedBy": "terraform",
              "Name": "hub-cloud-dev-rds"
            },
            "tags_all": {
              "Environment": "dev",
              "ManagedBy": "terraform",
              "Name": "hub-cloud-dev-rds"
            },
            "timeouts": null,
            "timezone": "",
            "upgrade_rollout_order": "second",
            "upgrade_storage_config": null,
            "username": "admin_dev",
            "vpc_security_group_ids": [
              "sg-0f5ac7b2583a8031a"
            ]
          },
          "sensitive_attributes": [
            [
              {
                "type": "get_attr",
                "value": "password"
              }
            ],
            [
              {
                "type": "get_attr",
                "value": "password_wo"
              }
            ]
          ],
          "identity_schema_version": 0,
          "private": "eyJlMmJmYjczMC1lY2FhLTExZTYtOGY4OC0zNDM2M2JjN2M0YzAiOnsiY3JlYXRlIjozMDAwMDAwMDAwMDAwLCJkZWxldGUiOjM2MDAwMDAwMDAwMDAsInVwZGF0ZSI6NDgwMDAwMDAwMDAwMH0sInNjaGVtYV92ZXJzaW9uIjoiMiJ9",
          "dependencies": [
            "aws_db_subnet_group.rds_subnet_group",
            "aws_security_group.dev_compute_sg",
            "aws_security_group.dev_db_sg",
            "aws_subnet.database_subnet_az1",
            "aws_subnet.database_subnet_az2",
            "aws_vpc.environment_vpc",
            "module.db_development.random_password.db_password"
          ]
        }
      ]
    },
    {
      "module": "module.db_development",
      "mode": "managed",
      "type": "random_password",
      "name": "db_password",
      "provider": "provider[\"registry.terraform.io/hashicorp/random\"]",
      "instances": [
        {
          "schema_version": 3,
          "attributes": {
            "bcrypt_hash": "$2a$10$GrdnEd5ZkmawW6US3WtB/ufcNGjlwUNZ8UDtjfGkw9x4REPC07ZbG",
            "id": "none",
            "keepers": null,
            "length": 16,
            "lower": true,
            "min_lower": 0,
            "min_numeric": 0,
            "min_special": 0,
            "min_upper": 0,
            "number": true,
            "numeric": true,
            "override_special": "!#$%\u0026*()-_=+[]{}\u003c\u003e:?",
            "result": "4]ys3V$8QeLXVmbw",
            "special": true,
            "upper": true
          },
          "sensitive_attributes": [
            [
              {
                "type": "get_attr",
                "value": "bcrypt_hash"
              }
            ],
            [
              {
                "type": "get_attr",
                "value": "result"
              }
            ]
          ],
          "identity_schema_version": 0
        }
      ]
    },
    {
      "module": "module.db_production",
      "mode": "managed",
      "type": "aws_db_instance",
      "name": "this",
      "provider": "provider[\"registry.terraform.io/hashicorp/aws\"]",
      "instances": [
        {
          "schema_version": 2,
          "attributes": {
            "address": "hub-cloud-prod-rds.c5gy6gi8ib0s.us-west-2.rds.amazonaws.com",
            "allocated_storage": 50,
            "allow_major_version_upgrade": true,
            "apply_immediately": true,
            "arn": "arn:aws:rds:us-west-2:345362761946:db:hub-cloud-prod-rds",
            "auto_minor_version_upgrade": true,
            "availability_zone": "us-west-2b",
            "backup_retention_period": 7,
            "backup_target": "region",
            "backup_window": "10:59-11:29",
            "blue_green_update": [],
            "ca_cert_identifier": "rds-ca-rsa2048-g1",
            "character_set_name": "",
            "copy_tags_to_snapshot": false,
            "custom_iam_instance_profile": "",
            "customer_owned_ip_enabled": false,
            "database_insights_mode": "standard",
            "db_name": "",
            "db_subnet_group_name": "hub-cloud-prod-rds-subnet-group",
            "dedicated_log_volume": false,
            "delete_automated_backups": true,
            "deletion_protection": false,
            "domain": "",
            "domain_auth_secret_arn": "",
            "domain_dns_ips": [],
            "domain_fqdn": "",
            "domain_iam_role_name": "",
            "domain_ou": "",
            "enabled_cloudwatch_logs_exports": [],
            "endpoint": "hub-cloud-prod-rds.c5gy6gi8ib0s.us-west-2.rds.amazonaws.com:3306",
            "engine": "mysql",
            "engine_lifecycle_support": "open-source-rds-extended-support",
            "engine_version": "8.4.10",
            "engine_version_actual": "8.4.10",
            "final_snapshot_identifier": null,
            "hosted_zone_id": "Z1PVIF0B656C1W",
            "iam_database_authentication_enabled": false,
            "id": "db-N2OE7ZL6NDUGVQRM7QPOUM2YVI",
            "identifier": "hub-cloud-prod-rds",
            "identifier_prefix": "",
            "instance_class": "db.t4g.medium",
            "iops": 0,
            "kms_key_id": "",
            "latest_restorable_time": "2026-07-13T18:50:40Z",
            "license_model": "general-public-license",
            "listener_endpoint": [],
            "maintenance_window": "tue:08:17-tue:08:47",
            "manage_master_user_password": null,
            "master_user_secret": [],
            "master_user_secret_kms_key_id": null,
            "max_allocated_storage": 0,
            "monitoring_interval": 0,
            "monitoring_role_arn": "",
            "multi_az": true,
            "nchar_character_set_name": "",
            "network_type": "IPV4",
            "option_group_name": "default:mysql-8-4",
            "parameter_group_name": "default.mysql8.4",
            "password": "}:F:oBTbpe4Uvnc5",
            "password_wo": null,
            "password_wo_version": null,
            "performance_insights_enabled": false,
            "performance_insights_kms_key_id": "",
            "performance_insights_retention_period": 0,
            "port": 3306,
            "publicly_accessible": false,
            "region": "us-west-2",
            "replica_mode": "",
            "replicas": [
              "staging-readonly-replica"
            ],
            "replicate_source_db": "",
            "resource_id": "db-N2OE7ZL6NDUGVQRM7QPOUM2YVI",
            "restore_to_point_in_time": [],
            "s3_import": [],
            "skip_final_snapshot": true,
            "snapshot_identifier": null,
            "status": "available",
            "storage_encrypted": false,
            "storage_throughput": 0,
            "storage_type": "gp2",
            "tags": {
              "Environment": "prod",
              "ManagedBy": "terraform",
              "Name": "hub-cloud-prod-rds"
            },
            "tags_all": {
              "Environment": "prod",
              "ManagedBy": "terraform",
              "Name": "hub-cloud-prod-rds"
            },
            "timeouts": null,
            "timezone": "",
            "upgrade_rollout_order": "second",
            "upgrade_storage_config": null,
            "username": "admin_prod",
            "vpc_security_group_ids": [
              "sg-09a3ea77c98c36e54"
            ]
          },
          "sensitive_attributes": [
            [
              {
                "type": "get_attr",
                "value": "password"
              }
            ],
            [
              {
                "type": "get_attr",
                "value": "password_wo"
              }
            ]
          ],
          "identity_schema_version": 0,
          "private": "eyJlMmJmYjczMC1lY2FhLTExZTYtOGY4OC0zNDM2M2JjN2M0YzAiOnsiY3JlYXRlIjozMDAwMDAwMDAwMDAwLCJkZWxldGUiOjM2MDAwMDAwMDAwMDAsInVwZGF0ZSI6NDgwMDAwMDAwMDAwMH0sInNjaGVtYV92ZXJzaW9uIjoiMiJ9",
          "dependencies": [
            "aws_db_subnet_group.rds_subnet_group",
            "aws_security_group.prod_compute_sg",
            "aws_security_group.prod_db_sg",
            "aws_subnet.database_subnet_az1",
            "aws_subnet.database_subnet_az2",
            "aws_vpc.environment_vpc",
            "module.db_production.random_password.db_password"
          ]
        }
      ]
    },
    {
      "module": "module.db_production",
      "mode": "managed",
      "type": "random_password",
      "name": "db_password",
      "provider": "provider[\"registry.terraform.io/hashicorp/random\"]",
      "instances": [
        {
          "schema_version": 3,
          "attributes": {
            "bcrypt_hash": "$2a$10$ARFxbU1Pi9uSTQ65kbqKF.hZ8PAGfqpMNBM/kP2.VIfprZStkTStC",
            "id": "none",
            "keepers": null,
            "length": 16,
            "lower": true,
            "min_lower": 0,
            "min_numeric": 0,
            "min_special": 0,
            "min_upper": 0,
            "number": true,
            "numeric": true,
            "override_special": "!#$%\u0026*()-_=+[]{}\u003c\u003e:?",
            "result": "}:F:oBTbpe4Uvnc5",
            "special": true,
            "upper": true
          },
          "sensitive_attributes": [
            [
              {
                "type": "get_attr",
                "value": "bcrypt_hash"
              }
            ],
            [
              {
                "type": "get_attr",
                "value": "result"
              }
            ]
          ],
          "identity_schema_version": 0
        }
      ]
    }
  ],
  "check_results": null
}
